{
  "object": {
    "pins": [
      {
        "package": "Defaults",
        "repositoryURL": "https://github.com/sindresorhus/Defaults",
        "state": {
          "branch": null,
          "revision": "11c4b968ef490dd3eb2e214906a8a124b7655a1f",
          "version": "4.0.0"
        }
      },
      {
        "package": "KeyboardShortcuts",
        "repositoryURL": "https://github.com/sindresorhus/KeyboardShortcuts",
        "state": {
          "branch": "fix-crash",
          "revision": "ecb146710c9b01dec7213f2ef2fa62375a890ff9",
          "version": null
        }
      }
    ]
  },
  "version": 1
}
