// !$*UTF8*$!
{
	archiveVersion = 1;
	classes = {
	};
	objectVersion = 71;
	objects = {

/* Begin PBXBuildFile section */
		1418907C26F23CCD00DCD9B1 /* KeyboardShortcuts in Frameworks */ = {isa = PBXBuildFile; productRef = 1418907B26F23CCD00DCD9B1 /* KeyboardShortcuts */; };
		1418907F26F23CF600DCD9B1 /* Defaults in Frameworks */ = {isa = PBXBuildFile; productRef = 1418907E26F23CF600DCD9B1 /* Defaults */; };
		1432D98C25C4B94900FD121D /* SwiftyStoreKit in Frameworks */ = {isa = PBXBuildFile; productRef = 1432D98B25C4B94900FD121D /* SwiftyStoreKit */; };
		14B08ACE2749A57B002E3892 /* GTMAppAuth in Frameworks */ = {isa = PBXBuildFile; productRef = 14B08ACD2749A57B002E3892 /* GTMAppAuth */; };
		14B08AD42749AEF3002E3892 /* PromiseKit in Frameworks */ = {isa = PBXBuildFile; productRef = 14B08AD32749AEF3002E3892 /* PromiseKit */; };
		40DC7054250E5E1000217DD9 /* ServiceManagement.framework in Frameworks */ = {isa = PBXBuildFile; fileRef = 40DC7053250E5E1000217DD9 /* ServiceManagement.framework */; };
		4616E3A729BB62D100665FE0 /* LaunchAtLogin in Frameworks */ = {isa = PBXBuildFile; productRef = 4616E3A629BB62D100665FE0 /* LaunchAtLogin */; };
/* End PBXBuildFile section */

/* Begin PBXContainerItemProxy section */
		14619A2025EC26DF00F3098F /* PBXContainerItemProxy */ = {
			isa = PBXContainerItemProxy;
			containerPortal = 144C01712462D0C3000C9FFC /* Project object */;
			proxyType = 1;
			remoteGlobalIDString = 144C01782462D0C3000C9FFC;
			remoteInfo = MeetingBar;
		};
/* End PBXContainerItemProxy section */

/* Begin PBXFileReference section */
		14158D3A246C65AD0006436C /* README.md */ = {isa = PBXFileReference; lastKnownFileType = net.daringfireball.markdown; path = README.md; sourceTree = "<group>"; };
		144C01792462D0C3000C9FFC /* MeetingBar.app */ = {isa = PBXFileReference; explicitFileType = wrapper.application; includeInIndex = 0; path = MeetingBar.app; sourceTree = BUILT_PRODUCTS_DIR; };
		14619A1B25EC26DF00F3098F /* MeetingBarTests.xctest */ = {isa = PBXFileReference; explicitFileType = wrapper.cfbundle; includeInIndex = 0; path = MeetingBarTests.xctest; sourceTree = BUILT_PRODUCTS_DIR; };
		40DC7053250E5E1000217DD9 /* ServiceManagement.framework */ = {isa = PBXFileReference; lastKnownFileType = wrapper.framework; name = ServiceManagement.framework; path = System/Library/Frameworks/ServiceManagement.framework; sourceTree = SDKROOT; };
/* End PBXFileReference section */

/* Begin PBXFileSystemSynchronizedBuildFileExceptionSet section */
		37826B092DAEFAAD00A6BFF8 /* PBXFileSystemSynchronizedBuildFileExceptionSet */ = {
			isa = PBXFileSystemSynchronizedBuildFileExceptionSet;
			membershipExceptions = (
				Info.plist,
			);
			target = 144C01782462D0C3000C9FFC /* MeetingBar */;
		};
		37AF6E5D2DAEEF1800F38307 /* PBXFileSystemSynchronizedBuildFileExceptionSet */ = {
			isa = PBXFileSystemSynchronizedBuildFileExceptionSet;
			membershipExceptions = (
				Info.plist,
			);
			target = 14619A1A25EC26DF00F3098F /* MeetingBarTests */;
		};
/* End PBXFileSystemSynchronizedBuildFileExceptionSet section */

/* Begin PBXFileSystemSynchronizedRootGroup section */
		37826AE02DAEFAAD00A6BFF8 /* MeetingBar */ = {isa = PBXFileSystemSynchronizedRootGroup; exceptions = (37826B092DAEFAAD00A6BFF8 /* PBXFileSystemSynchronizedBuildFileExceptionSet */, ); explicitFileTypes = {}; explicitFolders = (); path = MeetingBar; sourceTree = "<group>"; };
		37AF6E1A2DAEEEE900F38307 /* XCConfig */ = {isa = PBXFileSystemSynchronizedRootGroup; explicitFileTypes = {}; explicitFolders = (); path = XCConfig; sourceTree = "<group>"; };
		37AF6E582DAEEF1800F38307 /* MeetingBarTests */ = {isa = PBXFileSystemSynchronizedRootGroup; exceptions = (37AF6E5D2DAEEF1800F38307 /* PBXFileSystemSynchronizedBuildFileExceptionSet */, ); explicitFileTypes = {}; explicitFolders = (); path = MeetingBarTests; sourceTree = "<group>"; };
/* End PBXFileSystemSynchronizedRootGroup section */

/* Begin PBXFrameworksBuildPhase section */
		144C01762462D0C3000C9FFC /* Frameworks */ = {
			isa = PBXFrameworksBuildPhase;
			buildActionMask = 2147483647;
			files = (
				40DC7054250E5E1000217DD9 /* ServiceManagement.framework in Frameworks */,
				14B08AD42749AEF3002E3892 /* PromiseKit in Frameworks */,
				4616E3A729BB62D100665FE0 /* LaunchAtLogin in Frameworks */,
				14B08ACE2749A57B002E3892 /* GTMAppAuth in Frameworks */,
				1418907C26F23CCD00DCD9B1 /* KeyboardShortcuts in Frameworks */,
				1432D98C25C4B94900FD121D /* SwiftyStoreKit in Frameworks */,
				1418907F26F23CF600DCD9B1 /* Defaults in Frameworks */,
			);
			runOnlyForDeploymentPostprocessing = 0;
		};
		14619A1825EC26DF00F3098F /* Frameworks */ = {
			isa = PBXFrameworksBuildPhase;
			buildActionMask = 2147483647;
			files = (
			);
			runOnlyForDeploymentPostprocessing = 0;
		};
/* End PBXFrameworksBuildPhase section */

/* Begin PBXGroup section */
		144C01702462D0C3000C9FFC = {
			isa = PBXGroup;
			children = (
				14158D3A246C65AD0006436C /* README.md */,
				37AF6E1A2DAEEEE900F38307 /* XCConfig */,
				37826AE02DAEFAAD00A6BFF8 /* MeetingBar */,
				37AF6E582DAEEF1800F38307 /* MeetingBarTests */,
				144C017A2462D0C3000C9FFC /* Products */,
				40DC7052250E5E1000217DD9 /* Frameworks */,
			);
			sourceTree = "<group>";
		};
		144C017A2462D0C3000C9FFC /* Products */ = {
			isa = PBXGroup;
			children = (
				144C01792462D0C3000C9FFC /* MeetingBar.app */,
				14619A1B25EC26DF00F3098F /* MeetingBarTests.xctest */,
			);
			name = Products;
			sourceTree = "<group>";
		};
		40DC7052250E5E1000217DD9 /* Frameworks */ = {
			isa = PBXGroup;
			children = (
				40DC7053250E5E1000217DD9 /* ServiceManagement.framework */,
			);
			name = Frameworks;
			sourceTree = "<group>";
		};
/* End PBXGroup section */

/* Begin PBXNativeTarget section */
		144C01782462D0C3000C9FFC /* MeetingBar */ = {
			isa = PBXNativeTarget;
			buildConfigurationList = 144C018C2462D0C5000C9FFC /* Build configuration list for PBXNativeTarget "MeetingBar" */;
			buildPhases = (
				144C01752462D0C3000C9FFC /* Sources */,
				144C01762462D0C3000C9FFC /* Frameworks */,
				144C01772462D0C3000C9FFC /* Resources */,
				4616E3A829BB62F900665FE0 /* Copy “Launch at Login Helper” */,
				467351B529055E9900EE3987 /* Run Script */,
			);
			buildRules = (
			);
			dependencies = (
			);
			fileSystemSynchronizedGroups = (
				37826AE02DAEFAAD00A6BFF8 /* MeetingBar */,
			);
			name = MeetingBar;
			packageProductDependencies = (
				1432D98B25C4B94900FD121D /* SwiftyStoreKit */,
				1418907B26F23CCD00DCD9B1 /* KeyboardShortcuts */,
				1418907E26F23CF600DCD9B1 /* Defaults */,
				14B08ACD2749A57B002E3892 /* GTMAppAuth */,
				14B08AD32749AEF3002E3892 /* PromiseKit */,
				4616E3A629BB62D100665FE0 /* LaunchAtLogin */,
			);
			productName = MeetingBar;
			productReference = 144C01792462D0C3000C9FFC /* MeetingBar.app */;
			productType = "com.apple.product-type.application";
		};
		14619A1A25EC26DF00F3098F /* MeetingBarTests */ = {
			isa = PBXNativeTarget;
			buildConfigurationList = 14619A2425EC26DF00F3098F /* Build configuration list for PBXNativeTarget "MeetingBarTests" */;
			buildPhases = (
				14619A1725EC26DF00F3098F /* Sources */,
				14619A1825EC26DF00F3098F /* Frameworks */,
				14619A1925EC26DF00F3098F /* Resources */,
			);
			buildRules = (
			);
			dependencies = (
				14619A2125EC26DF00F3098F /* PBXTargetDependency */,
			);
			fileSystemSynchronizedGroups = (
				37AF6E582DAEEF1800F38307 /* MeetingBarTests */,
			);
			name = MeetingBarTests;
			productName = MeetingBarTests;
			productReference = 14619A1B25EC26DF00F3098F /* MeetingBarTests.xctest */;
			productType = "com.apple.product-type.bundle.unit-test";
		};
/* End PBXNativeTarget section */

/* Begin PBXProject section */
		144C01712462D0C3000C9FFC /* Project object */ = {
			isa = PBXProject;
			attributes = {
				BuildIndependentTargetsInParallel = YES;
				LastSwiftUpdateCheck = 1420;
				LastUpgradeCheck = 1530;
				ORGANIZATIONNAME = "Andrii Leitsius";
				TargetAttributes = {
					144C01782462D0C3000C9FFC = {
						CreatedOnToolsVersion = 11.4.1;
					};
					14619A1A25EC26DF00F3098F = {
						CreatedOnToolsVersion = 12.4;
						TestTargetID = 144C01782462D0C3000C9FFC;
					};
				};
			};
			buildConfigurationList = 144C01742462D0C3000C9FFC /* Build configuration list for PBXProject "MeetingBar" */;
			compatibilityVersion = "Xcode 9.3";
			developmentRegion = en;
			hasScannedForEncodings = 0;
			knownRegions = (
				en,
				Base,
				uk,
				de,
				fr,
				hr,
				"nb-NO",
				cs,
				ja,
				pl,
				he,
				tr,
				it,
				es,
				"pt-BR",
				sk,
				nl,
				hu,
				ko,
				ta,
			);
			mainGroup = 144C01702462D0C3000C9FFC;
			packageReferences = (
				1432D98A25C4B94900FD121D /* XCRemoteSwiftPackageReference "SwiftyStoreKit" */,
				1418907A26F23CCD00DCD9B1 /* XCRemoteSwiftPackageReference "KeyboardShortcuts" */,
				1418907D26F23CF600DCD9B1 /* XCRemoteSwiftPackageReference "Defaults" */,
				14B08ACC2749A57B002E3892 /* XCRemoteSwiftPackageReference "GTMAppAuth" */,
				14B08AD22749AEF3002E3892 /* XCRemoteSwiftPackageReference "PromiseKit" */,
				4616E3A529BB62D100665FE0 /* XCRemoteSwiftPackageReference "LaunchAtLogin" */,
			);
			productRefGroup = 144C017A2462D0C3000C9FFC /* Products */;
			projectDirPath = "";
			projectRoot = "";
			targets = (
				144C01782462D0C3000C9FFC /* MeetingBar */,
				14619A1A25EC26DF00F3098F /* MeetingBarTests */,
			);
		};
/* End PBXProject section */

/* Begin PBXResourcesBuildPhase section */
		144C01772462D0C3000C9FFC /* Resources */ = {
			isa = PBXResourcesBuildPhase;
			buildActionMask = 2147483647;
			files = (
			);
			runOnlyForDeploymentPostprocessing = 0;
		};
		14619A1925EC26DF00F3098F /* Resources */ = {
			isa = PBXResourcesBuildPhase;
			buildActionMask = 2147483647;
			files = (
			);
			runOnlyForDeploymentPostprocessing = 0;
		};
/* End PBXResourcesBuildPhase section */

/* Begin PBXShellScriptBuildPhase section */
		4616E3A829BB62F900665FE0 /* Copy “Launch at Login Helper” */ = {
			isa = PBXShellScriptBuildPhase;
			alwaysOutOfDate = 1;
			buildActionMask = 2147483647;
			files = (
			);
			inputFileListPaths = (
			);
			inputPaths = (
			);
			name = "Copy “Launch at Login Helper”";
			outputFileListPaths = (
			);
			outputPaths = (
			);
			runOnlyForDeploymentPostprocessing = 0;
			shellPath = /bin/sh;
			shellScript = "\"${BUILT_PRODUCTS_DIR}/LaunchAtLogin_LaunchAtLogin.bundle/Contents/Resources/copy-helper-swiftpm.sh\"\n";
		};
		467351B529055E9900EE3987 /* Run Script */ = {
			isa = PBXShellScriptBuildPhase;
			alwaysOutOfDate = 1;
			buildActionMask = 2147483647;
			files = (
			);
			inputFileListPaths = (
			);
			inputPaths = (
			);
			name = "Run Script";
			outputFileListPaths = (
			);
			outputPaths = (
			);
			runOnlyForDeploymentPostprocessing = 0;
			shellPath = /bin/sh;
			shellScript = "# Type a script or drag a script file from your workspace to insert its path.\nexport PATH=\"$PATH:/opt/homebrew/bin\"\nif which swiftlint > /dev/null; then\n  swiftlint --fix && swiftlint\nelse\n  echo \"warning: SwiftLint not installed, download from https://github.com/realm/SwiftLint\"\nfi\n";
		};
/* End PBXShellScriptBuildPhase section */

/* Begin PBXSourcesBuildPhase section */
		144C01752462D0C3000C9FFC /* Sources */ = {
			isa = PBXSourcesBuildPhase;
			buildActionMask = 2147483647;
			files = (
			);
			runOnlyForDeploymentPostprocessing = 0;
		};
		14619A1725EC26DF00F3098F /* Sources */ = {
			isa = PBXSourcesBuildPhase;
			buildActionMask = 2147483647;
			files = (
			);
			runOnlyForDeploymentPostprocessing = 0;
		};
/* End PBXSourcesBuildPhase section */

/* Begin PBXTargetDependency section */
		14619A2125EC26DF00F3098F /* PBXTargetDependency */ = {
			isa = PBXTargetDependency;
			target = 144C01782462D0C3000C9FFC /* MeetingBar */;
			targetProxy = 14619A2025EC26DF00F3098F /* PBXContainerItemProxy */;
		};
/* End PBXTargetDependency section */

/* Begin XCBuildConfiguration section */
		144C018A2462D0C5000C9FFC /* Debug */ = {
			isa = XCBuildConfiguration;
			baseConfigurationReferenceAnchor = 37AF6E1A2DAEEEE900F38307 /* XCConfig */;
			baseConfigurationReferenceRelativePath = "Project-Debug.xcconfig";
			buildSettings = {
				ALWAYS_SEARCH_USER_PATHS = NO;
				ASSETCATALOG_COMPILER_GENERATE_SWIFT_ASSET_SYMBOL_EXTENSIONS = YES;
				CLANG_ANALYZER_LOCALIZABILITY_NONLOCALIZED = YES;
				CLANG_ANALYZER_NONNULL = YES;
				CLANG_ANALYZER_NUMBER_OBJECT_CONVERSION = YES_AGGRESSIVE;
				CLANG_CXX_LANGUAGE_STANDARD = "gnu++14";
				CLANG_CXX_LIBRARY = "libc++";
				CLANG_ENABLE_MODULES = YES;
				CLANG_ENABLE_OBJC_ARC = YES;
				CLANG_ENABLE_OBJC_WEAK = YES;
				CLANG_WARN_BLOCK_CAPTURE_AUTORELEASING = YES;
				CLANG_WARN_BOOL_CONVERSION = YES;
				CLANG_WARN_COMMA = YES;
				CLANG_WARN_CONSTANT_CONVERSION = YES;
				CLANG_WARN_DEPRECATED_OBJC_IMPLEMENTATIONS = YES;
				CLANG_WARN_DIRECT_OBJC_ISA_USAGE = YES_ERROR;
				CLANG_WARN_DOCUMENTATION_COMMENTS = YES;
				CLANG_WARN_EMPTY_BODY = YES;
				CLANG_WARN_ENUM_CONVERSION = YES;
				CLANG_WARN_INFINITE_RECURSION = YES;
				CLANG_WARN_INT_CONVERSION = YES;
				CLANG_WARN_NON_LITERAL_NULL_CONVERSION = YES;
				CLANG_WARN_OBJC_IMPLICIT_RETAIN_SELF = YES;
				CLANG_WARN_OBJC_LITERAL_CONVERSION = YES;
				CLANG_WARN_OBJC_ROOT_CLASS = YES_ERROR;
				CLANG_WARN_QUOTED_INCLUDE_IN_FRAMEWORK_HEADER = YES;
				CLANG_WARN_RANGE_LOOP_ANALYSIS = YES;
				CLANG_WARN_STRICT_PROTOTYPES = YES;
				CLANG_WARN_SUSPICIOUS_MOVE = YES;
				CLANG_WARN_UNGUARDED_AVAILABILITY = YES_AGGRESSIVE;
				CLANG_WARN_UNREACHABLE_CODE = YES;
				CLANG_WARN__DUPLICATE_METHOD_MATCH = YES;
				COPY_PHASE_STRIP = NO;
				DEAD_CODE_STRIPPING = YES;
				DEBUG_INFORMATION_FORMAT = dwarf;
				DEVELOPMENT_ASSET_PATHS = "";
				EMBED_ASSET_PACKS_IN_PRODUCT_BUNDLE = NO;
				ENABLE_STRICT_OBJC_MSGSEND = YES;
				ENABLE_TESTABILITY = YES;
				ENABLE_USER_SCRIPT_SANDBOXING = YES;
				GCC_C_LANGUAGE_STANDARD = gnu11;
				GCC_DYNAMIC_NO_PIC = NO;
				GCC_NO_COMMON_BLOCKS = YES;
				GCC_OPTIMIZATION_LEVEL = 0;
				GCC_PREPROCESSOR_DEFINITIONS = (
					"DEBUG=1",
					"$(inherited)",
				);
				GCC_WARN_64_TO_32_BIT_CONVERSION = YES;
				GCC_WARN_ABOUT_RETURN_TYPE = YES_ERROR;
				GCC_WARN_UNDECLARED_SELECTOR = YES;
				GCC_WARN_UNINITIALIZED_AUTOS = YES_AGGRESSIVE;
				GCC_WARN_UNUSED_FUNCTION = YES;
				GCC_WARN_UNUSED_VARIABLE = YES;
				MACOSX_DEPLOYMENT_TARGET = 10.15;
				MTL_ENABLE_DEBUG_INFO = INCLUDE_SOURCE;
				MTL_FAST_MATH = YES;
				ONLY_ACTIVE_ARCH = YES;
				SDKROOT = macosx;
				SWIFT_ACTIVE_COMPILATION_CONDITIONS = DEBUG;
				SWIFT_OPTIMIZATION_LEVEL = "-Onone";
			};
			name = Debug;
		};
		144C018B2462D0C5000C9FFC /* Release */ = {
			isa = XCBuildConfiguration;
			baseConfigurationReferenceAnchor = 37AF6E1A2DAEEEE900F38307 /* XCConfig */;
			baseConfigurationReferenceRelativePath = "Project-Release.xcconfig";
			buildSettings = {
				ALWAYS_SEARCH_USER_PATHS = NO;
				ASSETCATALOG_COMPILER_GENERATE_SWIFT_ASSET_SYMBOL_EXTENSIONS = YES;
				CLANG_ANALYZER_LOCALIZABILITY_NONLOCALIZED = YES;
				CLANG_ANALYZER_NONNULL = YES;
				CLANG_ANALYZER_NUMBER_OBJECT_CONVERSION = YES_AGGRESSIVE;
				CLANG_CXX_LANGUAGE_STANDARD = "gnu++14";
				CLANG_CXX_LIBRARY = "libc++";
				CLANG_ENABLE_MODULES = YES;
				CLANG_ENABLE_OBJC_ARC = YES;
				CLANG_ENABLE_OBJC_WEAK = YES;
				CLANG_WARN_BLOCK_CAPTURE_AUTORELEASING = YES;
				CLANG_WARN_BOOL_CONVERSION = YES;
				CLANG_WARN_COMMA = YES;
				CLANG_WARN_CONSTANT_CONVERSION = YES;
				CLANG_WARN_DEPRECATED_OBJC_IMPLEMENTATIONS = YES;
				CLANG_WARN_DIRECT_OBJC_ISA_USAGE = YES_ERROR;
				CLANG_WARN_DOCUMENTATION_COMMENTS = YES;
				CLANG_WARN_EMPTY_BODY = YES;
				CLANG_WARN_ENUM_CONVERSION = YES;
				CLANG_WARN_INFINITE_RECURSION = YES;
				CLANG_WARN_INT_CONVERSION = YES;
				CLANG_WARN_NON_LITERAL_NULL_CONVERSION = YES;
				CLANG_WARN_OBJC_IMPLICIT_RETAIN_SELF = YES;
				CLANG_WARN_OBJC_LITERAL_CONVERSION = YES;
				CLANG_WARN_OBJC_ROOT_CLASS = YES_ERROR;
				CLANG_WARN_QUOTED_INCLUDE_IN_FRAMEWORK_HEADER = YES;
				CLANG_WARN_RANGE_LOOP_ANALYSIS = YES;
				CLANG_WARN_STRICT_PROTOTYPES = YES;
				CLANG_WARN_SUSPICIOUS_MOVE = YES;
				CLANG_WARN_UNGUARDED_AVAILABILITY = YES_AGGRESSIVE;
				CLANG_WARN_UNREACHABLE_CODE = YES;
				CLANG_WARN__DUPLICATE_METHOD_MATCH = YES;
				COPY_PHASE_STRIP = NO;
				DEAD_CODE_STRIPPING = YES;
				DEBUG_INFORMATION_FORMAT = "dwarf-with-dsym";
				DEVELOPMENT_ASSET_PATHS = "";
				EMBED_ASSET_PACKS_IN_PRODUCT_BUNDLE = NO;
				ENABLE_NS_ASSERTIONS = NO;
				ENABLE_STRICT_OBJC_MSGSEND = YES;
				ENABLE_USER_SCRIPT_SANDBOXING = YES;
				GCC_C_LANGUAGE_STANDARD = gnu11;
				GCC_NO_COMMON_BLOCKS = YES;
				GCC_WARN_64_TO_32_BIT_CONVERSION = YES;
				GCC_WARN_ABOUT_RETURN_TYPE = YES_ERROR;
				GCC_WARN_UNDECLARED_SELECTOR = YES;
				GCC_WARN_UNINITIALIZED_AUTOS = YES_AGGRESSIVE;
				GCC_WARN_UNUSED_FUNCTION = YES;
				GCC_WARN_UNUSED_VARIABLE = YES;
				MACOSX_DEPLOYMENT_TARGET = 10.15;
				MTL_ENABLE_DEBUG_INFO = NO;
				MTL_FAST_MATH = YES;
				ONLY_ACTIVE_ARCH = NO;
				SDKROOT = macosx;
				SWIFT_COMPILATION_MODE = wholemodule;
				SWIFT_OPTIMIZATION_LEVEL = "-O";
			};
			name = Release;
		};
		144C018D2462D0C5000C9FFC /* Debug */ = {
			isa = XCBuildConfiguration;
			buildSettings = {
				ASSETCATALOG_COMPILER_APPICON_NAME = AppIcon;
				CODE_SIGN_ENTITLEMENTS = MeetingBar/MeetingBar.entitlements;
				CODE_SIGN_IDENTITY = "Apple Development";
				CODE_SIGN_STYLE = Automatic;
				COMBINE_HIDPI_IMAGES = YES;
				CURRENT_PROJECT_VERSION = 162;
				DEAD_CODE_STRIPPING = YES;
				DEVELOPMENT_ASSET_PATHS = "";
				ENABLE_HARDENED_RUNTIME = YES;
				ENABLE_PREVIEWS = YES;
				ENABLE_USER_SCRIPT_SANDBOXING = NO;
				INFOPLIST_FILE = MeetingBar/Info.plist;
				INFOPLIST_KEY_CFBundleDisplayName = MeetingBar;
				INFOPLIST_KEY_LSApplicationCategoryType = "public.app-category.productivity";
				LD_RUNPATH_SEARCH_PATHS = (
					"$(inherited)",
					"@executable_path/../Frameworks",
				);
				MACOSX_DEPLOYMENT_TARGET = 10.15;
				MARKETING_VERSION = 4.10.2;
				PRODUCT_BUNDLE_IDENTIFIER = leits.MeetingBar;
				PRODUCT_NAME = "$(TARGET_NAME)";
				PROVISIONING_PROFILE_SPECIFIER = "";
				SWIFT_VERSION = 5.0;
			};
			name = Debug;
		};
		144C018E2462D0C5000C9FFC /* Release */ = {
			isa = XCBuildConfiguration;
			buildSettings = {
				ASSETCATALOG_COMPILER_APPICON_NAME = AppIcon;
				CODE_SIGN_ENTITLEMENTS = MeetingBar/MeetingBar.entitlements;
				CODE_SIGN_IDENTITY = "Apple Development";
				CODE_SIGN_STYLE = Automatic;
				COMBINE_HIDPI_IMAGES = YES;
				CURRENT_PROJECT_VERSION = 162;
				DEAD_CODE_STRIPPING = YES;
				DEVELOPMENT_ASSET_PATHS = "";
				ENABLE_HARDENED_RUNTIME = YES;
				ENABLE_PREVIEWS = YES;
				ENABLE_USER_SCRIPT_SANDBOXING = NO;
				INFOPLIST_FILE = MeetingBar/Info.plist;
				INFOPLIST_KEY_CFBundleDisplayName = MeetingBar;
				INFOPLIST_KEY_LSApplicationCategoryType = "public.app-category.productivity";
				LD_RUNPATH_SEARCH_PATHS = (
					"$(inherited)",
					"@executable_path/../Frameworks",
				);
				MACOSX_DEPLOYMENT_TARGET = 10.15;
				MARKETING_VERSION = 4.10.2;
				PRODUCT_BUNDLE_IDENTIFIER = leits.MeetingBar;
				PRODUCT_NAME = "$(TARGET_NAME)";
				PROVISIONING_PROFILE_SPECIFIER = "";
				SWIFT_VERSION = 5.0;
			};
			name = Release;
		};
		14619A2225EC26DF00F3098F /* Debug */ = {
			isa = XCBuildConfiguration;
			buildSettings = {
				BUNDLE_LOADER = "$(TEST_HOST)";
				CODE_SIGN_STYLE = Automatic;
				COMBINE_HIDPI_IMAGES = YES;
				DEAD_CODE_STRIPPING = YES;
				DEVELOPMENT_TEAM = KGH289N6T8;
				INFOPLIST_FILE = MeetingBarTests/Info.plist;
				LD_RUNPATH_SEARCH_PATHS = (
					"$(inherited)",
					"@executable_path/../Frameworks",
					"@loader_path/../Frameworks",
				);
				MACOSX_DEPLOYMENT_TARGET = 10.15;
				PRODUCT_BUNDLE_IDENTIFIER = leits.MeetingBarTests;
				PRODUCT_NAME = "$(TARGET_NAME)";
				SWIFT_VERSION = 5.0;
				TEST_HOST = "$(BUILT_PRODUCTS_DIR)/MeetingBar.app/Contents/MacOS/MeetingBar";
			};
			name = Debug;
		};
		14619A2325EC26DF00F3098F /* Release */ = {
			isa = XCBuildConfiguration;
			buildSettings = {
				BUNDLE_LOADER = "$(TEST_HOST)";
				CODE_SIGN_STYLE = Automatic;
				COMBINE_HIDPI_IMAGES = YES;
				DEAD_CODE_STRIPPING = YES;
				DEVELOPMENT_TEAM = KGH289N6T8;
				INFOPLIST_FILE = MeetingBarTests/Info.plist;
				LD_RUNPATH_SEARCH_PATHS = (
					"$(inherited)",
					"@executable_path/../Frameworks",
					"@loader_path/../Frameworks",
				);
				MACOSX_DEPLOYMENT_TARGET = 10.15;
				PRODUCT_BUNDLE_IDENTIFIER = leits.MeetingBarTests;
				PRODUCT_NAME = "$(TARGET_NAME)";
				SWIFT_VERSION = 5.0;
				TEST_HOST = "$(BUILT_PRODUCTS_DIR)/MeetingBar.app/Contents/MacOS/MeetingBar";
			};
			name = Release;
		};
/* End XCBuildConfiguration section */

/* Begin XCConfigurationList section */
		144C01742462D0C3000C9FFC /* Build configuration list for PBXProject "MeetingBar" */ = {
			isa = XCConfigurationList;
			buildConfigurations = (
				144C018A2462D0C5000C9FFC /* Debug */,
				144C018B2462D0C5000C9FFC /* Release */,
			);
			defaultConfigurationIsVisible = 0;
			defaultConfigurationName = Release;
		};
		144C018C2462D0C5000C9FFC /* Build configuration list for PBXNativeTarget "MeetingBar" */ = {
			isa = XCConfigurationList;
			buildConfigurations = (
				144C018D2462D0C5000C9FFC /* Debug */,
				144C018E2462D0C5000C9FFC /* Release */,
			);
			defaultConfigurationIsVisible = 0;
			defaultConfigurationName = Release;
		};
		14619A2425EC26DF00F3098F /* Build configuration list for PBXNativeTarget "MeetingBarTests" */ = {
			isa = XCConfigurationList;
			buildConfigurations = (
				14619A2225EC26DF00F3098F /* Debug */,
				14619A2325EC26DF00F3098F /* Release */,
			);
			defaultConfigurationIsVisible = 0;
			defaultConfigurationName = Release;
		};
/* End XCConfigurationList section */

/* Begin XCRemoteSwiftPackageReference section */
		1418907A26F23CCD00DCD9B1 /* XCRemoteSwiftPackageReference "KeyboardShortcuts" */ = {
			isa = XCRemoteSwiftPackageReference;
			repositoryURL = "https://github.com/sindresorhus/KeyboardShortcuts";
			requirement = {
				kind = upToNextMinorVersion;
				minimumVersion = 1.17.0;
			};
		};
		1418907D26F23CF600DCD9B1 /* XCRemoteSwiftPackageReference "Defaults" */ = {
			isa = XCRemoteSwiftPackageReference;
			repositoryURL = "https://github.com/sindresorhus/Defaults";
			requirement = {
				kind = upToNextMinorVersion;
				minimumVersion = 7.3.1;
			};
		};
		1432D98A25C4B94900FD121D /* XCRemoteSwiftPackageReference "SwiftyStoreKit" */ = {
			isa = XCRemoteSwiftPackageReference;
			repositoryURL = "https://github.com/bizz84/SwiftyStoreKit.git";
			requirement = {
				kind = upToNextMinorVersion;
				minimumVersion = 0.16.3;
			};
		};
		14B08ACC2749A57B002E3892 /* XCRemoteSwiftPackageReference "GTMAppAuth" */ = {
			isa = XCRemoteSwiftPackageReference;
			repositoryURL = "https://github.com/google/GTMAppAuth";
			requirement = {
				kind = upToNextMinorVersion;
				minimumVersion = 1.3.1;
			};
		};
		14B08AD22749AEF3002E3892 /* XCRemoteSwiftPackageReference "PromiseKit" */ = {
			isa = XCRemoteSwiftPackageReference;
			repositoryURL = "https://github.com/mxcl/PromiseKit";
			requirement = {
				kind = upToNextMinorVersion;
				minimumVersion = 6.16.2;
			};
		};
		4616E3A529BB62D100665FE0 /* XCRemoteSwiftPackageReference "LaunchAtLogin" */ = {
			isa = XCRemoteSwiftPackageReference;
			repositoryURL = "https://github.com/sindresorhus/LaunchAtLogin";
			requirement = {
				kind = upToNextMajorVersion;
				minimumVersion = 5.0.2;
			};
		};
/* End XCRemoteSwiftPackageReference section */

/* Begin XCSwiftPackageProductDependency section */
		1418907B26F23CCD00DCD9B1 /* KeyboardShortcuts */ = {
			isa = XCSwiftPackageProductDependency;
			package = 1418907A26F23CCD00DCD9B1 /* XCRemoteSwiftPackageReference "KeyboardShortcuts" */;
			productName = KeyboardShortcuts;
		};
		1418907E26F23CF600DCD9B1 /* Defaults */ = {
			isa = XCSwiftPackageProductDependency;
			package = 1418907D26F23CF600DCD9B1 /* XCRemoteSwiftPackageReference "Defaults" */;
			productName = Defaults;
		};
		1432D98B25C4B94900FD121D /* SwiftyStoreKit */ = {
			isa = XCSwiftPackageProductDependency;
			package = 1432D98A25C4B94900FD121D /* XCRemoteSwiftPackageReference "SwiftyStoreKit" */;
			productName = SwiftyStoreKit;
		};
		14B08ACD2749A57B002E3892 /* GTMAppAuth */ = {
			isa = XCSwiftPackageProductDependency;
			package = 14B08ACC2749A57B002E3892 /* XCRemoteSwiftPackageReference "GTMAppAuth" */;
			productName = GTMAppAuth;
		};
		14B08AD32749AEF3002E3892 /* PromiseKit */ = {
			isa = XCSwiftPackageProductDependency;
			package = 14B08AD22749AEF3002E3892 /* XCRemoteSwiftPackageReference "PromiseKit" */;
			productName = PromiseKit;
		};
		4616E3A629BB62D100665FE0 /* LaunchAtLogin */ = {
			isa = XCSwiftPackageProductDependency;
			package = 4616E3A529BB62D100665FE0 /* XCRemoteSwiftPackageReference "LaunchAtLogin" */;
			productName = LaunchAtLogin;
		};
/* End XCSwiftPackageProductDependency section */
	};
	rootObject = 144C01712462D0C3000C9FFC /* Project object */;
}
