// !$*UTF8*$!
{
	archiveVersion = 1;
	classes = {
	};
	objectVersion = 52;
	objects = {

/* Begin PBXBuildFile section */
		140D842E248AB2960055E1CE /* KeyboardShortcuts in Frameworks */ = {isa = PBXBuildFile; productRef = 140D842D248AB2960055E1CE /* KeyboardShortcuts */; };
		140D84322493A3FE0055E1CE /* StatusBarItemControler.swift in Sources */ = {isa = PBXBuildFile; fileRef = 140D84312493A3FE0055E1CE /* StatusBarItemControler.swift */; };
		140D84342493A4180055E1CE /* Constants.swift in Sources */ = {isa = PBXBuildFile; fileRef = 140D84332493A4180055E1CE /* Constants.swift */; };
		140D843A2493A6240055E1CE /* Helpers.swift in Sources */ = {isa = PBXBuildFile; fileRef = 140D84392493A6240055E1CE /* Helpers.swift */; };
		140D843D2493B7BF0055E1CE /* EventStore.swift in Sources */ = {isa = PBXBuildFile; fileRef = 140D843C2493B7BF0055E1CE /* EventStore.swift */; };
		140D843F2493B7CB0055E1CE /* DefaultsKeys.swift in Sources */ = {isa = PBXBuildFile; fileRef = 140D843E2493B7CB0055E1CE /* DefaultsKeys.swift */; };
		140D84412493B8030055E1CE /* KeyboardShortcutsNames.swift in Sources */ = {isa = PBXBuildFile; fileRef = 140D84402493B8030055E1CE /* KeyboardShortcutsNames.swift */; };
		1432D98C25C4B94900FD121D /* SwiftyStoreKit in Frameworks */ = {isa = PBXBuildFile; productRef = 1432D98B25C4B94900FD121D /* SwiftyStoreKit */; };
		1435E44C260954D00071B188 /* Changelog.swift in Sources */ = {isa = PBXBuildFile; fileRef = 1435E44B260954D00071B188 /* Changelog.swift */; };
		144C017D2462D0C3000C9FFC /* AppDelegate.swift in Sources */ = {isa = PBXBuildFile; fileRef = 144C017C2462D0C3000C9FFC /* AppDelegate.swift */; };
		144C01812462D0C5000C9FFC /* Assets.xcassets in Resources */ = {isa = PBXBuildFile; fileRef = 144C01802462D0C5000C9FFC /* Assets.xcassets */; };
		144C01842462D0C5000C9FFC /* Preview Assets.xcassets in Resources */ = {isa = PBXBuildFile; fileRef = 144C01832462D0C5000C9FFC /* Preview Assets.xcassets */; };
		144C01872462D0C5000C9FFC /* Main.storyboard in Resources */ = {isa = PBXBuildFile; fileRef = 144C01852462D0C5000C9FFC /* Main.storyboard */; };
		1452C9B525AF5CE700C46CDF /* GeneralTab.swift in Sources */ = {isa = PBXBuildFile; fileRef = 1452C9B425AF5CE700C46CDF /* GeneralTab.swift */; };
		1452C9BC25AF5D8700C46CDF /* Shared.swift in Sources */ = {isa = PBXBuildFile; fileRef = 1452C9BB25AF5D8700C46CDF /* Shared.swift */; };
		1452C9C225AF854000C46CDF /* AppearanceTab.swift in Sources */ = {isa = PBXBuildFile; fileRef = 1452C9C125AF854000C46CDF /* AppearanceTab.swift */; };
		1452C9C625AF85B400C46CDF /* ServicesTab.swift in Sources */ = {isa = PBXBuildFile; fileRef = 1452C9C525AF85B400C46CDF /* ServicesTab.swift */; };
		1452C9CA25AF861300C46CDF /* BookmarksTab.swift in Sources */ = {isa = PBXBuildFile; fileRef = 1452C9C925AF861300C46CDF /* BookmarksTab.swift */; };
		1452C9CE25AF868E00C46CDF /* CalendarsTab.swift in Sources */ = {isa = PBXBuildFile; fileRef = 1452C9CD25AF868E00C46CDF /* CalendarsTab.swift */; };
		1452C9D225AF86E700C46CDF /* AdvancedTab.swift in Sources */ = {isa = PBXBuildFile; fileRef = 1452C9D125AF86E700C46CDF /* AdvancedTab.swift */; };
		1452C9D825AF889A00C46CDF /* WelcomeScreen.swift in Sources */ = {isa = PBXBuildFile; fileRef = 1452C9D725AF889A00C46CDF /* WelcomeScreen.swift */; };
		1452C9DC25AF88EF00C46CDF /* AccessScreen.swift in Sources */ = {isa = PBXBuildFile; fileRef = 1452C9DB25AF88EF00C46CDF /* AccessScreen.swift */; };
		1452C9E025AF894E00C46CDF /* CalendarsScreen.swift in Sources */ = {isa = PBXBuildFile; fileRef = 1452C9DF25AF894E00C46CDF /* CalendarsScreen.swift */; };
		14619A1E25EC26DF00F3098F /* HelpersTests.swift in Sources */ = {isa = PBXBuildFile; fileRef = 14619A1D25EC26DF00F3098F /* HelpersTests.swift */; };
		14879B2B24E6889C00DB0A7E /* Notifications.swift in Sources */ = {isa = PBXBuildFile; fileRef = 14879B2A24E6889C00DB0A7E /* Notifications.swift */; };
		148E47E824F400C400399929 /* Onboarding.swift in Sources */ = {isa = PBXBuildFile; fileRef = 148E47E724F400C400399929 /* Onboarding.swift */; };
		148E47EB24F546E700399929 /* Defaults in Frameworks */ = {isa = PBXBuildFile; productRef = 148E47EA24F546E700399929 /* Defaults */; };
		14BAC84225C4AF1100C8A852 /* StoreKit.framework in Frameworks */ = {isa = PBXBuildFile; fileRef = 14BAC84125C4AF1000C8A852 /* StoreKit.framework */; };
		14C59B8525CF45340019C9E4 /* Store.swift in Sources */ = {isa = PBXBuildFile; fileRef = 14C59B8425CF45340019C9E4 /* Store.swift */; };
		14E4110E246F2F9200F73ACF /* Preferences.swift in Sources */ = {isa = PBXBuildFile; fileRef = 14E4110D246F2F9200F73ACF /* Preferences.swift */; };
		1BF37A9A2604C8960053D53C /* Localizable.strings in Resources */ = {isa = PBXBuildFile; fileRef = 1BF37A9C2604C8960053D53C /* Localizable.strings */; };
		1BF37AA52604F7E00053D53C /* I18N.swift in Sources */ = {isa = PBXBuildFile; fileRef = 1BF37AA42604F7E00053D53C /* I18N.swift */; };
		40DC7043250E5B9C00217DD9 /* AutoLauncherAppDelegate.swift in Sources */ = {isa = PBXBuildFile; fileRef = 40DC7042250E5B9C00217DD9 /* AutoLauncherAppDelegate.swift */; };
		40DC7051250E5DB500217DD9 /* AutoLauncher.app in CopyFiles */ = {isa = PBXBuildFile; fileRef = 40DC7040250E5B9C00217DD9 /* AutoLauncher.app */; settings = {ATTRIBUTES = (RemoveHeadersOnCopy, ); }; };
		40DC7054250E5E1000217DD9 /* ServiceManagement.framework in Frameworks */ = {isa = PBXBuildFile; fileRef = 40DC7053250E5E1000217DD9 /* ServiceManagement.framework */; };
		40E60313250E81EA005986C7 /* main.swift in Sources */ = {isa = PBXBuildFile; fileRef = 40E60312250E81EA005986C7 /* main.swift */; };
		A7B68FA325CDE9E200CA3A68 /* URL.swift in Sources */ = {isa = PBXBuildFile; fileRef = A7B68FA225CDE9E200CA3A68 /* URL.swift */; };
		E23954682628BF89003ECCB3 /* BrowserConfigView.swift in Sources */ = {isa = PBXBuildFile; fileRef = E23954672628BF89003ECCB3 /* BrowserConfigView.swift */; };
		E249D534259BBC3800429BF1 /* String.swift in Sources */ = {isa = PBXBuildFile; fileRef = E249D533259BBC3800429BF1 /* String.swift */; };
/* End PBXBuildFile section */

/* Begin PBXContainerItemProxy section */
		14619A2025EC26DF00F3098F /* PBXContainerItemProxy */ = {
			isa = PBXContainerItemProxy;
			containerPortal = 144C01712462D0C3000C9FFC /* Project object */;
			proxyType = 1;
			remoteGlobalIDString = 144C01782462D0C3000C9FFC;
			remoteInfo = MeetingBar;
		};
/* End PBXContainerItemProxy section */

/* Begin PBXCopyFilesBuildPhase section */
		40DC7050250E5D8D00217DD9 /* CopyFiles */ = {
			isa = PBXCopyFilesBuildPhase;
			buildActionMask = 2147483647;
			dstPath = Contents/Library/LoginItems;
			dstSubfolderSpec = 1;
			files = (
				40DC7051250E5DB500217DD9 /* AutoLauncher.app in CopyFiles */,
			);
			runOnlyForDeploymentPostprocessing = 0;
		};
/* End PBXCopyFilesBuildPhase section */

/* Begin PBXFileReference section */
		140D84312493A3FE0055E1CE /* StatusBarItemControler.swift */ = {isa = PBXFileReference; lastKnownFileType = sourcecode.swift; path = StatusBarItemControler.swift; sourceTree = "<group>"; };
		140D84332493A4180055E1CE /* Constants.swift */ = {isa = PBXFileReference; lastKnownFileType = sourcecode.swift; path = Constants.swift; sourceTree = "<group>"; };
		140D84392493A6240055E1CE /* Helpers.swift */ = {isa = PBXFileReference; lastKnownFileType = sourcecode.swift; path = Helpers.swift; sourceTree = "<group>"; };
		140D843C2493B7BF0055E1CE /* EventStore.swift */ = {isa = PBXFileReference; lastKnownFileType = sourcecode.swift; path = EventStore.swift; sourceTree = "<group>"; };
		140D843E2493B7CB0055E1CE /* DefaultsKeys.swift */ = {isa = PBXFileReference; lastKnownFileType = sourcecode.swift; path = DefaultsKeys.swift; sourceTree = "<group>"; };
		140D84402493B8030055E1CE /* KeyboardShortcutsNames.swift */ = {isa = PBXFileReference; lastKnownFileType = sourcecode.swift; path = KeyboardShortcutsNames.swift; sourceTree = "<group>"; };
		14158D3A246C65AD0006436C /* README.md */ = {isa = PBXFileReference; lastKnownFileType = net.daringfireball.markdown; path = README.md; sourceTree = "<group>"; };
		1435E44B260954D00071B188 /* Changelog.swift */ = {isa = PBXFileReference; lastKnownFileType = sourcecode.swift; path = Changelog.swift; sourceTree = "<group>"; };
		143E6D6226A0C5E300B3CBEE /* cs */ = {isa = PBXFileReference; lastKnownFileType = text.plist.strings; name = cs; path = cs.lproj/Localizable.strings; sourceTree = "<group>"; };
		144C01792462D0C3000C9FFC /* MeetingBar.app */ = {isa = PBXFileReference; explicitFileType = wrapper.application; includeInIndex = 0; path = MeetingBar.app; sourceTree = BUILT_PRODUCTS_DIR; };
		144C017C2462D0C3000C9FFC /* AppDelegate.swift */ = {isa = PBXFileReference; lastKnownFileType = sourcecode.swift; path = AppDelegate.swift; sourceTree = "<group>"; };
		144C01802462D0C5000C9FFC /* Assets.xcassets */ = {isa = PBXFileReference; lastKnownFileType = folder.assetcatalog; path = Assets.xcassets; sourceTree = "<group>"; };
		144C01832462D0C5000C9FFC /* Preview Assets.xcassets */ = {isa = PBXFileReference; lastKnownFileType = folder.assetcatalog; path = "Preview Assets.xcassets"; sourceTree = "<group>"; };
		144C01862462D0C5000C9FFC /* Base */ = {isa = PBXFileReference; lastKnownFileType = file.storyboard; name = Base; path = Base.lproj/Main.storyboard; sourceTree = "<group>"; };
		144C01882462D0C5000C9FFC /* Info.plist */ = {isa = PBXFileReference; lastKnownFileType = text.plist.xml; path = Info.plist; sourceTree = "<group>"; };
		144C01892462D0C5000C9FFC /* MeetingBar.entitlements */ = {isa = PBXFileReference; lastKnownFileType = text.plist.entitlements; path = MeetingBar.entitlements; sourceTree = "<group>"; };
		1452C9B425AF5CE700C46CDF /* GeneralTab.swift */ = {isa = PBXFileReference; lastKnownFileType = sourcecode.swift; path = GeneralTab.swift; sourceTree = "<group>"; };
		1452C9BB25AF5D8700C46CDF /* Shared.swift */ = {isa = PBXFileReference; lastKnownFileType = sourcecode.swift; path = Shared.swift; sourceTree = "<group>"; };
		1452C9C125AF854000C46CDF /* AppearanceTab.swift */ = {isa = PBXFileReference; lastKnownFileType = sourcecode.swift; path = AppearanceTab.swift; sourceTree = "<group>"; };
		1452C9C525AF85B400C46CDF /* ServicesTab.swift */ = {isa = PBXFileReference; lastKnownFileType = sourcecode.swift; path = ServicesTab.swift; sourceTree = "<group>"; };
		1452C9C925AF861300C46CDF /* BookmarksTab.swift */ = {isa = PBXFileReference; lastKnownFileType = sourcecode.swift; path = BookmarksTab.swift; sourceTree = "<group>"; };
		1452C9CD25AF868E00C46CDF /* CalendarsTab.swift */ = {isa = PBXFileReference; lastKnownFileType = sourcecode.swift; path = CalendarsTab.swift; sourceTree = "<group>"; };
		1452C9D125AF86E700C46CDF /* AdvancedTab.swift */ = {isa = PBXFileReference; lastKnownFileType = sourcecode.swift; path = AdvancedTab.swift; sourceTree = "<group>"; };
		1452C9D725AF889A00C46CDF /* WelcomeScreen.swift */ = {isa = PBXFileReference; lastKnownFileType = sourcecode.swift; path = WelcomeScreen.swift; sourceTree = "<group>"; };
		1452C9DB25AF88EF00C46CDF /* AccessScreen.swift */ = {isa = PBXFileReference; lastKnownFileType = sourcecode.swift; path = AccessScreen.swift; sourceTree = "<group>"; };
		1452C9DF25AF894E00C46CDF /* CalendarsScreen.swift */ = {isa = PBXFileReference; lastKnownFileType = sourcecode.swift; path = CalendarsScreen.swift; sourceTree = "<group>"; };
		14619A1B25EC26DF00F3098F /* MeetingBarTests.xctest */ = {isa = PBXFileReference; explicitFileType = wrapper.cfbundle; includeInIndex = 0; path = MeetingBarTests.xctest; sourceTree = BUILT_PRODUCTS_DIR; };
		14619A1D25EC26DF00F3098F /* HelpersTests.swift */ = {isa = PBXFileReference; lastKnownFileType = sourcecode.swift; path = HelpersTests.swift; sourceTree = "<group>"; };
		14619A1F25EC26DF00F3098F /* Info.plist */ = {isa = PBXFileReference; lastKnownFileType = text.plist.xml; path = Info.plist; sourceTree = "<group>"; };
		14879B2A24E6889C00DB0A7E /* Notifications.swift */ = {isa = PBXFileReference; lastKnownFileType = sourcecode.swift; path = Notifications.swift; sourceTree = "<group>"; };
		148E47E724F400C400399929 /* Onboarding.swift */ = {isa = PBXFileReference; lastKnownFileType = sourcecode.swift; path = Onboarding.swift; sourceTree = "<group>"; };
		14BAC84125C4AF1000C8A852 /* StoreKit.framework */ = {isa = PBXFileReference; lastKnownFileType = wrapper.framework; name = StoreKit.framework; path = System/Library/Frameworks/StoreKit.framework; sourceTree = SDKROOT; };
		14C59B8425CF45340019C9E4 /* Store.swift */ = {isa = PBXFileReference; lastKnownFileType = sourcecode.swift; path = Store.swift; sourceTree = "<group>"; };
		14C9A928269A2083005306DA /* de */ = {isa = PBXFileReference; lastKnownFileType = text.plist.strings; name = de; path = de.lproj/Localizable.strings; sourceTree = "<group>"; };
		14C9A929269A2095005306DA /* fr */ = {isa = PBXFileReference; lastKnownFileType = text.plist.strings; name = fr; path = fr.lproj/Localizable.strings; sourceTree = "<group>"; };
		14C9A92A269A209C005306DA /* hr */ = {isa = PBXFileReference; lastKnownFileType = text.plist.strings; name = hr; path = hr.lproj/Localizable.strings; sourceTree = "<group>"; };
		14C9A92B269A20A1005306DA /* nb-NO */ = {isa = PBXFileReference; lastKnownFileType = text.plist.strings; name = "nb-NO"; path = "nb-NO.lproj/Localizable.strings"; sourceTree = "<group>"; };
		14E4110D246F2F9200F73ACF /* Preferences.swift */ = {isa = PBXFileReference; fileEncoding = 4; lastKnownFileType = sourcecode.swift; path = Preferences.swift; sourceTree = "<group>"; };
		14E8DD85262A476600952FC2 /* uk */ = {isa = PBXFileReference; lastKnownFileType = text.plist.strings; name = uk; path = uk.lproj/Localizable.strings; sourceTree = "<group>"; };
		1BF37A9B2604C8960053D53C /* en */ = {isa = PBXFileReference; lastKnownFileType = text.plist.strings; name = en; path = en.lproj/Localizable.strings; sourceTree = "<group>"; };
		1BF37AA02604C8A50053D53C /* ru */ = {isa = PBXFileReference; lastKnownFileType = text.plist.strings; name = ru; path = ru.lproj/Localizable.strings; sourceTree = "<group>"; };
		1BF37AA42604F7E00053D53C /* I18N.swift */ = {isa = PBXFileReference; lastKnownFileType = sourcecode.swift; path = I18N.swift; sourceTree = "<group>"; };
		40DC7040250E5B9C00217DD9 /* AutoLauncher.app */ = {isa = PBXFileReference; explicitFileType = wrapper.application; includeInIndex = 0; path = AutoLauncher.app; sourceTree = BUILT_PRODUCTS_DIR; };
		40DC7042250E5B9C00217DD9 /* AutoLauncherAppDelegate.swift */ = {isa = PBXFileReference; lastKnownFileType = sourcecode.swift; path = AutoLauncherAppDelegate.swift; sourceTree = "<group>"; };
		40DC704B250E5BB100217DD9 /* Info.plist */ = {isa = PBXFileReference; lastKnownFileType = text.plist.xml; path = Info.plist; sourceTree = "<group>"; };
		40DC704C250E5BB100217DD9 /* AutoLauncher.entitlements */ = {isa = PBXFileReference; lastKnownFileType = text.plist.entitlements; path = AutoLauncher.entitlements; sourceTree = "<group>"; };
		40DC7053250E5E1000217DD9 /* ServiceManagement.framework */ = {isa = PBXFileReference; lastKnownFileType = wrapper.framework; name = ServiceManagement.framework; path = System/Library/Frameworks/ServiceManagement.framework; sourceTree = SDKROOT; };
		40E60312250E81EA005986C7 /* main.swift */ = {isa = PBXFileReference; lastKnownFileType = sourcecode.swift; path = main.swift; sourceTree = "<group>"; };
		A7B68FA225CDE9E200CA3A68 /* URL.swift */ = {isa = PBXFileReference; lastKnownFileType = sourcecode.swift; path = URL.swift; sourceTree = "<group>"; };
		E23954672628BF89003ECCB3 /* BrowserConfigView.swift */ = {isa = PBXFileReference; fileEncoding = 4; lastKnownFileType = sourcecode.swift; path = BrowserConfigView.swift; sourceTree = "<group>"; };
		E249D533259BBC3800429BF1 /* String.swift */ = {isa = PBXFileReference; lastKnownFileType = sourcecode.swift; path = String.swift; sourceTree = "<group>"; };
		E2AE715525AA54A600D3C7CF /* DevTeamOverride.xcconfig */ = {isa = PBXFileReference; lastKnownFileType = text.xcconfig; path = DevTeamOverride.xcconfig; sourceTree = "<group>"; };
		E4DD0F0A2529D0D20029E395 /* Project-Release.xcconfig */ = {isa = PBXFileReference; lastKnownFileType = text.xcconfig; path = "Project-Release.xcconfig"; sourceTree = "<group>"; };
		E4DD0F0B2529D0D20029E395 /* Project.xcconfig */ = {isa = PBXFileReference; lastKnownFileType = text.xcconfig; path = Project.xcconfig; sourceTree = "<group>"; };
		E4DD0F0C2529D0D20029E395 /* Project-Debug.xcconfig */ = {isa = PBXFileReference; lastKnownFileType = text.xcconfig; path = "Project-Debug.xcconfig"; sourceTree = "<group>"; };
		EA04E13F26B2664F00D183B8 /* ja */ = {isa = PBXFileReference; lastKnownFileType = text.plist.strings; name = ja; path = ja.lproj/Localizable.strings; sourceTree = "<group>"; };
/* End PBXFileReference section */

/* Begin PBXFrameworksBuildPhase section */
		144C01762462D0C3000C9FFC /* Frameworks */ = {
			isa = PBXFrameworksBuildPhase;
			buildActionMask = 2147483647;
			files = (
				40DC7054250E5E1000217DD9 /* ServiceManagement.framework in Frameworks */,
				148E47EB24F546E700399929 /* Defaults in Frameworks */,
				140D842E248AB2960055E1CE /* KeyboardShortcuts in Frameworks */,
				1432D98C25C4B94900FD121D /* SwiftyStoreKit in Frameworks */,
				14BAC84225C4AF1100C8A852 /* StoreKit.framework in Frameworks */,
			);
			runOnlyForDeploymentPostprocessing = 0;
		};
		14619A1825EC26DF00F3098F /* Frameworks */ = {
			isa = PBXFrameworksBuildPhase;
			buildActionMask = 2147483647;
			files = (
			);
			runOnlyForDeploymentPostprocessing = 0;
		};
		40DC703D250E5B9C00217DD9 /* Frameworks */ = {
			isa = PBXFrameworksBuildPhase;
			buildActionMask = 2147483647;
			files = (
			);
			runOnlyForDeploymentPostprocessing = 0;
		};
/* End PBXFrameworksBuildPhase section */

/* Begin PBXGroup section */
		1435E44A260954660071B188 /* Changelog */ = {
			isa = PBXGroup;
			children = (
				1435E44B260954D00071B188 /* Changelog.swift */,
			);
			path = Changelog;
			sourceTree = "<group>";
		};
		144C01702462D0C3000C9FFC = {
			isa = PBXGroup;
			children = (
				14158D3A246C65AD0006436C /* README.md */,
				E4DD0F092529D0D20029E395 /* XCConfig */,
				144C017B2462D0C3000C9FFC /* MeetingBar */,
				40DC7041250E5B9C00217DD9 /* AutoLauncher */,
				14619A1C25EC26DF00F3098F /* MeetingBarTests */,
				144C017A2462D0C3000C9FFC /* Products */,
				40DC7052250E5E1000217DD9 /* Frameworks */,
			);
			sourceTree = "<group>";
		};
		144C017A2462D0C3000C9FFC /* Products */ = {
			isa = PBXGroup;
			children = (
				144C01792462D0C3000C9FFC /* MeetingBar.app */,
				40DC7040250E5B9C00217DD9 /* AutoLauncher.app */,
				14619A1B25EC26DF00F3098F /* MeetingBarTests.xctest */,
			);
			name = Products;
			sourceTree = "<group>";
		};
		144C017B2462D0C3000C9FFC /* MeetingBar */ = {
			isa = PBXGroup;
			children = (
				1BF37A902604C8050053D53C /* Resources  */,
				144C017C2462D0C3000C9FFC /* AppDelegate.swift */,
				1452C9AD25AF5B1000C46CDF /* Views */,
				140D84312493A3FE0055E1CE /* StatusBarItemControler.swift */,
				140D84332493A4180055E1CE /* Constants.swift */,
				14C59B8425CF45340019C9E4 /* Store.swift */,
				140D84392493A6240055E1CE /* Helpers.swift */,
				14879B2A24E6889C00DB0A7E /* Notifications.swift */,
				149AD20F25A8967C004976F1 /* Extensions */,
				144C01822462D0C5000C9FFC /* Preview Content */,
				144C01852462D0C5000C9FFC /* Main.storyboard */,
				144C01882462D0C5000C9FFC /* Info.plist */,
				144C01802462D0C5000C9FFC /* Assets.xcassets */,
				144C01892462D0C5000C9FFC /* MeetingBar.entitlements */,
				1BF37AA42604F7E00053D53C /* I18N.swift */,
			);
			path = MeetingBar;
			sourceTree = "<group>";
		};
		144C01822462D0C5000C9FFC /* Preview Content */ = {
			isa = PBXGroup;
			children = (
				144C01832462D0C5000C9FFC /* Preview Assets.xcassets */,
			);
			path = "Preview Content";
			sourceTree = "<group>";
		};
		1452C9AD25AF5B1000C46CDF /* Views */ = {
			isa = PBXGroup;
			children = (
				1435E44A260954660071B188 /* Changelog */,
				1452C9B225AF5C6F00C46CDF /* Preferences */,
				1452C9B325AF5C7D00C46CDF /* Onboarding */,
				1452C9BB25AF5D8700C46CDF /* Shared.swift */,
			);
			path = Views;
			sourceTree = "<group>";
		};
		1452C9B225AF5C6F00C46CDF /* Preferences */ = {
			isa = PBXGroup;
			children = (
				E23954672628BF89003ECCB3 /* BrowserConfigView.swift */,
				14E4110D246F2F9200F73ACF /* Preferences.swift */,
				1452C9B425AF5CE700C46CDF /* GeneralTab.swift */,
				1452C9C525AF85B400C46CDF /* ServicesTab.swift */,
				1452C9C925AF861300C46CDF /* BookmarksTab.swift */,
				1452C9CD25AF868E00C46CDF /* CalendarsTab.swift */,
				1452C9C125AF854000C46CDF /* AppearanceTab.swift */,
				1452C9D125AF86E700C46CDF /* AdvancedTab.swift */,
			);
			path = Preferences;
			sourceTree = "<group>";
		};
		1452C9B325AF5C7D00C46CDF /* Onboarding */ = {
			isa = PBXGroup;
			children = (
				148E47E724F400C400399929 /* Onboarding.swift */,
				1452C9DF25AF894E00C46CDF /* CalendarsScreen.swift */,
				1452C9D725AF889A00C46CDF /* WelcomeScreen.swift */,
				1452C9DB25AF88EF00C46CDF /* AccessScreen.swift */,
			);
			path = Onboarding;
			sourceTree = "<group>";
		};
		14619A1C25EC26DF00F3098F /* MeetingBarTests */ = {
			isa = PBXGroup;
			children = (
				14619A1D25EC26DF00F3098F /* HelpersTests.swift */,
				14619A1F25EC26DF00F3098F /* Info.plist */,
			);
			path = MeetingBarTests;
			sourceTree = "<group>";
		};
		149AD20F25A8967C004976F1 /* Extensions */ = {
			isa = PBXGroup;
			children = (
				140D843C2493B7BF0055E1CE /* EventStore.swift */,
				140D84402493B8030055E1CE /* KeyboardShortcutsNames.swift */,
				140D843E2493B7CB0055E1CE /* DefaultsKeys.swift */,
				E249D533259BBC3800429BF1 /* String.swift */,
				A7B68FA225CDE9E200CA3A68 /* URL.swift */,
			);
			path = Extensions;
			sourceTree = "<group>";
		};
		1BF37A902604C8050053D53C /* Resources  */ = {
			isa = PBXGroup;
			children = (
				1BF37A912604C8480053D53C /* Localization  */,
			);
			path = "Resources ";
			sourceTree = "<group>";
		};
		1BF37A912604C8480053D53C /* Localization  */ = {
			isa = PBXGroup;
			children = (
				1BF37A9C2604C8960053D53C /* Localizable.strings */,
			);
			path = "Localization ";
			sourceTree = "<group>";
		};
		40DC7041250E5B9C00217DD9 /* AutoLauncher */ = {
			isa = PBXGroup;
			children = (
				40DC7042250E5B9C00217DD9 /* AutoLauncherAppDelegate.swift */,
				40DC704B250E5BB100217DD9 /* Info.plist */,
				40DC704C250E5BB100217DD9 /* AutoLauncher.entitlements */,
				40E60312250E81EA005986C7 /* main.swift */,
			);
			path = AutoLauncher;
			sourceTree = "<group>";
		};
		40DC7052250E5E1000217DD9 /* Frameworks */ = {
			isa = PBXGroup;
			children = (
				14BAC84125C4AF1000C8A852 /* StoreKit.framework */,
				40DC7053250E5E1000217DD9 /* ServiceManagement.framework */,
			);
			name = Frameworks;
			sourceTree = "<group>";
		};
		E4DD0F092529D0D20029E395 /* XCConfig */ = {
			isa = PBXGroup;
			children = (
				E2AE715525AA54A600D3C7CF /* DevTeamOverride.xcconfig */,
				E4DD0F0B2529D0D20029E395 /* Project.xcconfig */,
				E4DD0F0A2529D0D20029E395 /* Project-Release.xcconfig */,
				E4DD0F0C2529D0D20029E395 /* Project-Debug.xcconfig */,
			);
			path = XCConfig;
			sourceTree = "<group>";
		};
/* End PBXGroup section */

/* Begin PBXNativeTarget section */
		144C01782462D0C3000C9FFC /* MeetingBar */ = {
			isa = PBXNativeTarget;
			buildConfigurationList = 144C018C2462D0C5000C9FFC /* Build configuration list for PBXNativeTarget "MeetingBar" */;
			buildPhases = (
				144C01752462D0C3000C9FFC /* Sources */,
				144C01762462D0C3000C9FFC /* Frameworks */,
				144C01772462D0C3000C9FFC /* Resources */,
				40DC7050250E5D8D00217DD9 /* CopyFiles */,
			);
			buildRules = (
			);
			dependencies = (
			);
			name = MeetingBar;
			packageProductDependencies = (
				140D842D248AB2960055E1CE /* KeyboardShortcuts */,
				148E47EA24F546E700399929 /* Defaults */,
				1432D98B25C4B94900FD121D /* SwiftyStoreKit */,
			);
			productName = MeetingBar;
			productReference = 144C01792462D0C3000C9FFC /* MeetingBar.app */;
			productType = "com.apple.product-type.application";
		};
		14619A1A25EC26DF00F3098F /* MeetingBarTests */ = {
			isa = PBXNativeTarget;
			buildConfigurationList = 14619A2425EC26DF00F3098F /* Build configuration list for PBXNativeTarget "MeetingBarTests" */;
			buildPhases = (
				14619A1725EC26DF00F3098F /* Sources */,
				14619A1825EC26DF00F3098F /* Frameworks */,
				14619A1925EC26DF00F3098F /* Resources */,
			);
			buildRules = (
			);
			dependencies = (
				14619A2125EC26DF00F3098F /* PBXTargetDependency */,
			);
			name = MeetingBarTests;
			productName = MeetingBarTests;
			productReference = 14619A1B25EC26DF00F3098F /* MeetingBarTests.xctest */;
			productType = "com.apple.product-type.bundle.unit-test";
		};
		40DC703F250E5B9C00217DD9 /* AutoLauncher */ = {
			isa = PBXNativeTarget;
			buildConfigurationList = 40DC704F250E5BB100217DD9 /* Build configuration list for PBXNativeTarget "AutoLauncher" */;
			buildPhases = (
				40DC703C250E5B9C00217DD9 /* Sources */,
				40DC703D250E5B9C00217DD9 /* Frameworks */,
				40DC703E250E5B9C00217DD9 /* Resources */,
			);
			buildRules = (
			);
			dependencies = (
			);
			name = AutoLauncher;
			productName = AutoLauncher;
			productReference = 40DC7040250E5B9C00217DD9 /* AutoLauncher.app */;
			productType = "com.apple.product-type.application";
		};
/* End PBXNativeTarget section */

/* Begin PBXProject section */
		144C01712462D0C3000C9FFC /* Project object */ = {
			isa = PBXProject;
			attributes = {
				LastSwiftUpdateCheck = 1240;
				LastUpgradeCheck = 1140;
				ORGANIZATIONNAME = "Andrii Leitsius";
				TargetAttributes = {
					144C01782462D0C3000C9FFC = {
						CreatedOnToolsVersion = 11.4.1;
					};
					14619A1A25EC26DF00F3098F = {
						CreatedOnToolsVersion = 12.4;
						TestTargetID = 144C01782462D0C3000C9FFC;
					};
					40DC703F250E5B9C00217DD9 = {
						CreatedOnToolsVersion = 11.5;
					};
				};
			};
			buildConfigurationList = 144C01742462D0C3000C9FFC /* Build configuration list for PBXProject "MeetingBar" */;
			compatibilityVersion = "Xcode 9.3";
			developmentRegion = en;
			hasScannedForEncodings = 0;
			knownRegions = (
				en,
				Base,
				ru,
				uk,
				de,
				fr,
				hr,
				"nb-NO",
				cs,
				ja,
			);
			mainGroup = 144C01702462D0C3000C9FFC;
			packageReferences = (
				140D842C248AB2960055E1CE /* XCRemoteSwiftPackageReference "KeyboardShortcuts" */,
				148E47E924F546E600399929 /* XCRemoteSwiftPackageReference "Defaults" */,
				1432D98A25C4B94900FD121D /* XCRemoteSwiftPackageReference "SwiftyStoreKit" */,
			);
			productRefGroup = 144C017A2462D0C3000C9FFC /* Products */;
			projectDirPath = "";
			projectRoot = "";
			targets = (
				144C01782462D0C3000C9FFC /* MeetingBar */,
				40DC703F250E5B9C00217DD9 /* AutoLauncher */,
				14619A1A25EC26DF00F3098F /* MeetingBarTests */,
			);
		};
/* End PBXProject section */

/* Begin PBXResourcesBuildPhase section */
		144C01772462D0C3000C9FFC /* Resources */ = {
			isa = PBXResourcesBuildPhase;
			buildActionMask = 2147483647;
			files = (
				144C01872462D0C5000C9FFC /* Main.storyboard in Resources */,
				1BF37A9A2604C8960053D53C /* Localizable.strings in Resources */,
				144C01842462D0C5000C9FFC /* Preview Assets.xcassets in Resources */,
				144C01812462D0C5000C9FFC /* Assets.xcassets in Resources */,
			);
			runOnlyForDeploymentPostprocessing = 0;
		};
		14619A1925EC26DF00F3098F /* Resources */ = {
			isa = PBXResourcesBuildPhase;
			buildActionMask = 2147483647;
			files = (
			);
			runOnlyForDeploymentPostprocessing = 0;
		};
		40DC703E250E5B9C00217DD9 /* Resources */ = {
			isa = PBXResourcesBuildPhase;
			buildActionMask = 2147483647;
			files = (
			);
			runOnlyForDeploymentPostprocessing = 0;
		};
/* End PBXResourcesBuildPhase section */

/* Begin PBXSourcesBuildPhase section */
		144C01752462D0C3000C9FFC /* Sources */ = {
			isa = PBXSourcesBuildPhase;
			buildActionMask = 2147483647;
			files = (
				1452C9D825AF889A00C46CDF /* WelcomeScreen.swift in Sources */,
				1452C9BC25AF5D8700C46CDF /* Shared.swift in Sources */,
				1435E44C260954D00071B188 /* Changelog.swift in Sources */,
				1452C9D225AF86E700C46CDF /* AdvancedTab.swift in Sources */,
				A7B68FA325CDE9E200CA3A68 /* URL.swift in Sources */,
				1452C9DC25AF88EF00C46CDF /* AccessScreen.swift in Sources */,
				14C59B8525CF45340019C9E4 /* Store.swift in Sources */,
				1452C9C625AF85B400C46CDF /* ServicesTab.swift in Sources */,
				140D843F2493B7CB0055E1CE /* DefaultsKeys.swift in Sources */,
				1BF37AA52604F7E00053D53C /* I18N.swift in Sources */,
				E249D534259BBC3800429BF1 /* String.swift in Sources */,
				140D843A2493A6240055E1CE /* Helpers.swift in Sources */,
				144C017D2462D0C3000C9FFC /* AppDelegate.swift in Sources */,
				1452C9C225AF854000C46CDF /* AppearanceTab.swift in Sources */,
				1452C9B525AF5CE700C46CDF /* GeneralTab.swift in Sources */,
				148E47E824F400C400399929 /* Onboarding.swift in Sources */,
				14879B2B24E6889C00DB0A7E /* Notifications.swift in Sources */,
				E23954682628BF89003ECCB3 /* BrowserConfigView.swift in Sources */,
				1452C9E025AF894E00C46CDF /* CalendarsScreen.swift in Sources */,
				140D84412493B8030055E1CE /* KeyboardShortcutsNames.swift in Sources */,
				140D843D2493B7BF0055E1CE /* EventStore.swift in Sources */,
				1452C9CE25AF868E00C46CDF /* CalendarsTab.swift in Sources */,
				14E4110E246F2F9200F73ACF /* Preferences.swift in Sources */,
				1452C9CA25AF861300C46CDF /* BookmarksTab.swift in Sources */,
				140D84322493A3FE0055E1CE /* StatusBarItemControler.swift in Sources */,
				140D84342493A4180055E1CE /* Constants.swift in Sources */,
			);
			runOnlyForDeploymentPostprocessing = 0;
		};
		14619A1725EC26DF00F3098F /* Sources */ = {
			isa = PBXSourcesBuildPhase;
			buildActionMask = 2147483647;
			files = (
				14619A1E25EC26DF00F3098F /* HelpersTests.swift in Sources */,
			);
			runOnlyForDeploymentPostprocessing = 0;
		};
		40DC703C250E5B9C00217DD9 /* Sources */ = {
			isa = PBXSourcesBuildPhase;
			buildActionMask = 2147483647;
			files = (
				40E60313250E81EA005986C7 /* main.swift in Sources */,
				40DC7043250E5B9C00217DD9 /* AutoLauncherAppDelegate.swift in Sources */,
			);
			runOnlyForDeploymentPostprocessing = 0;
		};
/* End PBXSourcesBuildPhase section */

/* Begin PBXTargetDependency section */
		14619A2125EC26DF00F3098F /* PBXTargetDependency */ = {
			isa = PBXTargetDependency;
			target = 144C01782462D0C3000C9FFC /* MeetingBar */;
			targetProxy = 14619A2025EC26DF00F3098F /* PBXContainerItemProxy */;
		};
/* End PBXTargetDependency section */

/* Begin PBXVariantGroup section */
		144C01852462D0C5000C9FFC /* Main.storyboard */ = {
			isa = PBXVariantGroup;
			children = (
				144C01862462D0C5000C9FFC /* Base */,
			);
			name = Main.storyboard;
			sourceTree = "<group>";
		};
		1BF37A9C2604C8960053D53C /* Localizable.strings */ = {
			isa = PBXVariantGroup;
			children = (
				1BF37A9B2604C8960053D53C /* en */,
				1BF37AA02604C8A50053D53C /* ru */,
				14E8DD85262A476600952FC2 /* uk */,
				14C9A928269A2083005306DA /* de */,
				14C9A929269A2095005306DA /* fr */,
				14C9A92A269A209C005306DA /* hr */,
				14C9A92B269A20A1005306DA /* nb-NO */,
				143E6D6226A0C5E300B3CBEE /* cs */,
				EA04E13F26B2664F00D183B8 /* ja */,
			);
			name = Localizable.strings;
			sourceTree = "<group>";
		};
/* End PBXVariantGroup section */

/* Begin XCBuildConfiguration section */
		144C018A2462D0C5000C9FFC /* Debug */ = {
			isa = XCBuildConfiguration;
			baseConfigurationReference = E4DD0F0C2529D0D20029E395 /* Project-Debug.xcconfig */;
			buildSettings = {
				ALWAYS_SEARCH_USER_PATHS = NO;
				CLANG_ANALYZER_LOCALIZABILITY_NONLOCALIZED = YES;
				CLANG_ANALYZER_NONNULL = YES;
				CLANG_ANALYZER_NUMBER_OBJECT_CONVERSION = YES_AGGRESSIVE;
				CLANG_CXX_LANGUAGE_STANDARD = "gnu++14";
				CLANG_CXX_LIBRARY = "libc++";
				CLANG_ENABLE_MODULES = YES;
				CLANG_ENABLE_OBJC_ARC = YES;
				CLANG_ENABLE_OBJC_WEAK = YES;
				CLANG_WARN_BLOCK_CAPTURE_AUTORELEASING = YES;
				CLANG_WARN_BOOL_CONVERSION = YES;
				CLANG_WARN_COMMA = YES;
				CLANG_WARN_CONSTANT_CONVERSION = YES;
				CLANG_WARN_DEPRECATED_OBJC_IMPLEMENTATIONS = YES;
				CLANG_WARN_DIRECT_OBJC_ISA_USAGE = YES_ERROR;
				CLANG_WARN_DOCUMENTATION_COMMENTS = YES;
				CLANG_WARN_EMPTY_BODY = YES;
				CLANG_WARN_ENUM_CONVERSION = YES;
				CLANG_WARN_INFINITE_RECURSION = YES;
				CLANG_WARN_INT_CONVERSION = YES;
				CLANG_WARN_NON_LITERAL_NULL_CONVERSION = YES;
				CLANG_WARN_OBJC_IMPLICIT_RETAIN_SELF = YES;
				CLANG_WARN_OBJC_LITERAL_CONVERSION = YES;
				CLANG_WARN_OBJC_ROOT_CLASS = YES_ERROR;
				CLANG_WARN_QUOTED_INCLUDE_IN_FRAMEWORK_HEADER = YES;
				CLANG_WARN_RANGE_LOOP_ANALYSIS = YES;
				CLANG_WARN_STRICT_PROTOTYPES = YES;
				CLANG_WARN_SUSPICIOUS_MOVE = YES;
				CLANG_WARN_UNGUARDED_AVAILABILITY = YES_AGGRESSIVE;
				CLANG_WARN_UNREACHABLE_CODE = YES;
				CLANG_WARN__DUPLICATE_METHOD_MATCH = YES;
				COPY_PHASE_STRIP = NO;
				DEBUG_INFORMATION_FORMAT = dwarf;
				DEVELOPMENT_ASSET_PATHS = "";
				EMBED_ASSET_PACKS_IN_PRODUCT_BUNDLE = NO;
				ENABLE_STRICT_OBJC_MSGSEND = YES;
				ENABLE_TESTABILITY = YES;
				GCC_C_LANGUAGE_STANDARD = gnu11;
				GCC_DYNAMIC_NO_PIC = NO;
				GCC_NO_COMMON_BLOCKS = YES;
				GCC_OPTIMIZATION_LEVEL = 0;
				GCC_PREPROCESSOR_DEFINITIONS = (
					"DEBUG=1",
					"$(inherited)",
				);
				GCC_WARN_64_TO_32_BIT_CONVERSION = YES;
				GCC_WARN_ABOUT_RETURN_TYPE = YES_ERROR;
				GCC_WARN_UNDECLARED_SELECTOR = YES;
				GCC_WARN_UNINITIALIZED_AUTOS = YES_AGGRESSIVE;
				GCC_WARN_UNUSED_FUNCTION = YES;
				GCC_WARN_UNUSED_VARIABLE = YES;
				MACOSX_DEPLOYMENT_TARGET = 10.15;
				MTL_ENABLE_DEBUG_INFO = INCLUDE_SOURCE;
				MTL_FAST_MATH = YES;
				ONLY_ACTIVE_ARCH = YES;
				SDKROOT = macosx;
				SWIFT_ACTIVE_COMPILATION_CONDITIONS = DEBUG;
				SWIFT_OPTIMIZATION_LEVEL = "-Onone";
			};
			name = Debug;
		};
		144C018B2462D0C5000C9FFC /* Release */ = {
			isa = XCBuildConfiguration;
			baseConfigurationReference = E4DD0F0A2529D0D20029E395 /* Project-Release.xcconfig */;
			buildSettings = {
				ALWAYS_SEARCH_USER_PATHS = NO;
				CLANG_ANALYZER_LOCALIZABILITY_NONLOCALIZED = YES;
				CLANG_ANALYZER_NONNULL = YES;
				CLANG_ANALYZER_NUMBER_OBJECT_CONVERSION = YES_AGGRESSIVE;
				CLANG_CXX_LANGUAGE_STANDARD = "gnu++14";
				CLANG_CXX_LIBRARY = "libc++";
				CLANG_ENABLE_MODULES = YES;
				CLANG_ENABLE_OBJC_ARC = YES;
				CLANG_ENABLE_OBJC_WEAK = YES;
				CLANG_WARN_BLOCK_CAPTURE_AUTORELEASING = YES;
				CLANG_WARN_BOOL_CONVERSION = YES;
				CLANG_WARN_COMMA = YES;
				CLANG_WARN_CONSTANT_CONVERSION = YES;
				CLANG_WARN_DEPRECATED_OBJC_IMPLEMENTATIONS = YES;
				CLANG_WARN_DIRECT_OBJC_ISA_USAGE = YES_ERROR;
				CLANG_WARN_DOCUMENTATION_COMMENTS = YES;
				CLANG_WARN_EMPTY_BODY = YES;
				CLANG_WARN_ENUM_CONVERSION = YES;
				CLANG_WARN_INFINITE_RECURSION = YES;
				CLANG_WARN_INT_CONVERSION = YES;
				CLANG_WARN_NON_LITERAL_NULL_CONVERSION = YES;
				CLANG_WARN_OBJC_IMPLICIT_RETAIN_SELF = YES;
				CLANG_WARN_OBJC_LITERAL_CONVERSION = YES;
				CLANG_WARN_OBJC_ROOT_CLASS = YES_ERROR;
				CLANG_WARN_QUOTED_INCLUDE_IN_FRAMEWORK_HEADER = YES;
				CLANG_WARN_RANGE_LOOP_ANALYSIS = YES;
				CLANG_WARN_STRICT_PROTOTYPES = YES;
				CLANG_WARN_SUSPICIOUS_MOVE = YES;
				CLANG_WARN_UNGUARDED_AVAILABILITY = YES_AGGRESSIVE;
				CLANG_WARN_UNREACHABLE_CODE = YES;
				CLANG_WARN__DUPLICATE_METHOD_MATCH = YES;
				COPY_PHASE_STRIP = NO;
				DEBUG_INFORMATION_FORMAT = "dwarf-with-dsym";
				DEVELOPMENT_ASSET_PATHS = "";
				EMBED_ASSET_PACKS_IN_PRODUCT_BUNDLE = NO;
				ENABLE_NS_ASSERTIONS = NO;
				ENABLE_STRICT_OBJC_MSGSEND = YES;
				GCC_C_LANGUAGE_STANDARD = gnu11;
				GCC_NO_COMMON_BLOCKS = YES;
				GCC_WARN_64_TO_32_BIT_CONVERSION = YES;
				GCC_WARN_ABOUT_RETURN_TYPE = YES_ERROR;
				GCC_WARN_UNDECLARED_SELECTOR = YES;
				GCC_WARN_UNINITIALIZED_AUTOS = YES_AGGRESSIVE;
				GCC_WARN_UNUSED_FUNCTION = YES;
				GCC_WARN_UNUSED_VARIABLE = YES;
				MACOSX_DEPLOYMENT_TARGET = 10.15;
				MTL_ENABLE_DEBUG_INFO = NO;
				MTL_FAST_MATH = YES;
				ONLY_ACTIVE_ARCH = YES;
				SDKROOT = macosx;
				SWIFT_COMPILATION_MODE = wholemodule;
				SWIFT_OPTIMIZATION_LEVEL = "-O";
			};
			name = Release;
		};
		144C018D2462D0C5000C9FFC /* Debug */ = {
			isa = XCBuildConfiguration;
			buildSettings = {
				ASSETCATALOG_COMPILER_APPICON_NAME = AppIcon;
				CODE_SIGN_ENTITLEMENTS = MeetingBar/MeetingBar.entitlements;
				CODE_SIGN_IDENTITY = "Apple Development";
				CODE_SIGN_STYLE = Automatic;
				COMBINE_HIDPI_IMAGES = YES;
				CURRENT_PROJECT_VERSION = 123;
				DEVELOPMENT_ASSET_PATHS = "";
				ENABLE_HARDENED_RUNTIME = YES;
				ENABLE_PREVIEWS = YES;
				INFOPLIST_FILE = MeetingBar/Info.plist;
				LD_RUNPATH_SEARCH_PATHS = (
					"$(inherited)",
					"@executable_path/../Frameworks",
				);
				MACOSX_DEPLOYMENT_TARGET = 10.15;
				MARKETING_VERSION = 3.7.0;
				PRODUCT_BUNDLE_IDENTIFIER = leits.MeetingBar;
				PRODUCT_NAME = "$(TARGET_NAME)";
				PROVISIONING_PROFILE_SPECIFIER = "";
				SWIFT_VERSION = 5.0;
			};
			name = Debug;
		};
		144C018E2462D0C5000C9FFC /* Release */ = {
			isa = XCBuildConfiguration;
			buildSettings = {
				ASSETCATALOG_COMPILER_APPICON_NAME = AppIcon;
				CODE_SIGN_ENTITLEMENTS = MeetingBar/MeetingBar.entitlements;
				CODE_SIGN_IDENTITY = "Apple Development";
				CODE_SIGN_STYLE = Automatic;
				COMBINE_HIDPI_IMAGES = YES;
				CURRENT_PROJECT_VERSION = 123;
				DEVELOPMENT_ASSET_PATHS = "";
				ENABLE_HARDENED_RUNTIME = YES;
				ENABLE_PREVIEWS = YES;
				INFOPLIST_FILE = MeetingBar/Info.plist;
				LD_RUNPATH_SEARCH_PATHS = (
					"$(inherited)",
					"@executable_path/../Frameworks",
				);
				MACOSX_DEPLOYMENT_TARGET = 10.15;
				MARKETING_VERSION = 3.7.0;
				PRODUCT_BUNDLE_IDENTIFIER = leits.MeetingBar;
				PRODUCT_NAME = "$(TARGET_NAME)";
				PROVISIONING_PROFILE_SPECIFIER = "";
				SWIFT_VERSION = 5.0;
			};
			name = Release;
		};
		14619A2225EC26DF00F3098F /* Debug */ = {
			isa = XCBuildConfiguration;
			buildSettings = {
				BUNDLE_LOADER = "$(TEST_HOST)";
				CODE_SIGN_STYLE = Automatic;
				COMBINE_HIDPI_IMAGES = YES;
				DEVELOPMENT_TEAM = KGH289N6T8;
				INFOPLIST_FILE = MeetingBarTests/Info.plist;
				LD_RUNPATH_SEARCH_PATHS = (
					"$(inherited)",
					"@executable_path/../Frameworks",
					"@loader_path/../Frameworks",
				);
				MACOSX_DEPLOYMENT_TARGET = 10.15;
				PRODUCT_BUNDLE_IDENTIFIER = leits.MeetingBarTests;
				PRODUCT_NAME = "$(TARGET_NAME)";
				SWIFT_VERSION = 5.0;
				TEST_HOST = "$(BUILT_PRODUCTS_DIR)/MeetingBar.app/Contents/MacOS/MeetingBar";
			};
			name = Debug;
		};
		14619A2325EC26DF00F3098F /* Release */ = {
			isa = XCBuildConfiguration;
			buildSettings = {
				BUNDLE_LOADER = "$(TEST_HOST)";
				CODE_SIGN_STYLE = Automatic;
				COMBINE_HIDPI_IMAGES = YES;
				DEVELOPMENT_TEAM = KGH289N6T8;
				INFOPLIST_FILE = MeetingBarTests/Info.plist;
				LD_RUNPATH_SEARCH_PATHS = (
					"$(inherited)",
					"@executable_path/../Frameworks",
					"@loader_path/../Frameworks",
				);
				MACOSX_DEPLOYMENT_TARGET = 10.15;
				PRODUCT_BUNDLE_IDENTIFIER = leits.MeetingBarTests;
				PRODUCT_NAME = "$(TARGET_NAME)";
				SWIFT_VERSION = 5.0;
				TEST_HOST = "$(BUILT_PRODUCTS_DIR)/MeetingBar.app/Contents/MacOS/MeetingBar";
			};
			name = Release;
		};
		40DC704D250E5BB100217DD9 /* Debug */ = {
			isa = XCBuildConfiguration;
			buildSettings = {
				ASSETCATALOG_COMPILER_APPICON_NAME = AppIcon;
				CODE_SIGN_ENTITLEMENTS = AutoLauncher/AutoLauncher.entitlements;
				CODE_SIGN_IDENTITY = "Apple Development";
				CODE_SIGN_STYLE = Automatic;
				COMBINE_HIDPI_IMAGES = YES;
				ENABLE_HARDENED_RUNTIME = YES;
				INFOPLIST_FILE = AutoLauncher/Info.plist;
				LD_RUNPATH_SEARCH_PATHS = (
					"$(inherited)",
					"@executable_path/../Frameworks",
				);
				MACOSX_DEPLOYMENT_TARGET = 10.15;
				PRODUCT_BUNDLE_IDENTIFIER = leits.MeetingBar.AutoLauncher;
				PRODUCT_NAME = "$(TARGET_NAME)";
				SKIP_INSTALL = YES;
				SWIFT_VERSION = 5.0;
			};
			name = Debug;
		};
		40DC704E250E5BB100217DD9 /* Release */ = {
			isa = XCBuildConfiguration;
			buildSettings = {
				ASSETCATALOG_COMPILER_APPICON_NAME = AppIcon;
				CODE_SIGN_ENTITLEMENTS = AutoLauncher/AutoLauncher.entitlements;
				CODE_SIGN_IDENTITY = "Apple Development";
				CODE_SIGN_STYLE = Automatic;
				COMBINE_HIDPI_IMAGES = YES;
				ENABLE_HARDENED_RUNTIME = YES;
				INFOPLIST_FILE = AutoLauncher/Info.plist;
				LD_RUNPATH_SEARCH_PATHS = (
					"$(inherited)",
					"@executable_path/../Frameworks",
				);
				MACOSX_DEPLOYMENT_TARGET = 10.15;
				PRODUCT_BUNDLE_IDENTIFIER = leits.MeetingBar.AutoLauncher;
				PRODUCT_NAME = "$(TARGET_NAME)";
				SKIP_INSTALL = YES;
				SWIFT_VERSION = 5.0;
			};
			name = Release;
		};
/* End XCBuildConfiguration section */

/* Begin XCConfigurationList section */
		144C01742462D0C3000C9FFC /* Build configuration list for PBXProject "MeetingBar" */ = {
			isa = XCConfigurationList;
			buildConfigurations = (
				144C018A2462D0C5000C9FFC /* Debug */,
				144C018B2462D0C5000C9FFC /* Release */,
			);
			defaultConfigurationIsVisible = 0;
			defaultConfigurationName = Release;
		};
		144C018C2462D0C5000C9FFC /* Build configuration list for PBXNativeTarget "MeetingBar" */ = {
			isa = XCConfigurationList;
			buildConfigurations = (
				144C018D2462D0C5000C9FFC /* Debug */,
				144C018E2462D0C5000C9FFC /* Release */,
			);
			defaultConfigurationIsVisible = 0;
			defaultConfigurationName = Release;
		};
		14619A2425EC26DF00F3098F /* Build configuration list for PBXNativeTarget "MeetingBarTests" */ = {
			isa = XCConfigurationList;
			buildConfigurations = (
				14619A2225EC26DF00F3098F /* Debug */,
				14619A2325EC26DF00F3098F /* Release */,
			);
			defaultConfigurationIsVisible = 0;
			defaultConfigurationName = Release;
		};
		40DC704F250E5BB100217DD9 /* Build configuration list for PBXNativeTarget "AutoLauncher" */ = {
			isa = XCConfigurationList;
			buildConfigurations = (
				40DC704D250E5BB100217DD9 /* Debug */,
				40DC704E250E5BB100217DD9 /* Release */,
			);
			defaultConfigurationIsVisible = 0;
			defaultConfigurationName = Release;
		};
/* End XCConfigurationList section */

/* Begin XCRemoteSwiftPackageReference section */
		140D842C248AB2960055E1CE /* XCRemoteSwiftPackageReference "KeyboardShortcuts" */ = {
			isa = XCRemoteSwiftPackageReference;
			repositoryURL = "https://github.com/sindresorhus/KeyboardShortcuts";
			requirement = {
				kind = upToNextMajorVersion;
				minimumVersion = 0.2.2;
			};
		};
		1432D98A25C4B94900FD121D /* XCRemoteSwiftPackageReference "SwiftyStoreKit" */ = {
			isa = XCRemoteSwiftPackageReference;
			repositoryURL = "https://github.com/bizz84/SwiftyStoreKit.git";
			requirement = {
				kind = upToNextMajorVersion;
				minimumVersion = 0.16.3;
			};
		};
		148E47E924F546E600399929 /* XCRemoteSwiftPackageReference "Defaults" */ = {
			isa = XCRemoteSwiftPackageReference;
			repositoryURL = "https://github.com/sindresorhus/Defaults";
			requirement = {
				kind = upToNextMajorVersion;
				minimumVersion = 4.0.0;
			};
		};
/* End XCRemoteSwiftPackageReference section */

/* Begin XCSwiftPackageProductDependency section */
		140D842D248AB2960055E1CE /* KeyboardShortcuts */ = {
			isa = XCSwiftPackageProductDependency;
			package = 140D842C248AB2960055E1CE /* XCRemoteSwiftPackageReference "KeyboardShortcuts" */;
			productName = KeyboardShortcuts;
		};
		1432D98B25C4B94900FD121D /* SwiftyStoreKit */ = {
			isa = XCSwiftPackageProductDependency;
			package = 1432D98A25C4B94900FD121D /* XCRemoteSwiftPackageReference "SwiftyStoreKit" */;
			productName = SwiftyStoreKit;
		};
		148E47EA24F546E700399929 /* Defaults */ = {
			isa = XCSwiftPackageProductDependency;
			package = 148E47E924F546E600399929 /* XCRemoteSwiftPackageReference "Defaults" */;
			productName = Defaults;
		};
/* End XCSwiftPackageProductDependency section */
	};
	rootObject = 144C01712462D0C3000C9FFC /* Project object */;
}
