// !$*UTF8*$!
{
	archiveVersion = 1;
	classes = {
	};
	objectVersion = 52;
	objects = {

/* Begin PBXBuildFile section */
		140D842E248AB2960055E1CE /* KeyboardShortcuts in Frameworks */ = {isa = PBXBuildFile; productRef = 140D842D248AB2960055E1CE /* KeyboardShortcuts */; };
		140D84322493A3FE0055E1CE /* StatusBarItemControler.swift in Sources */ = {isa = PBXBuildFile; fileRef = 140D84312493A3FE0055E1CE /* StatusBarItemControler.swift */; };
		140D84342493A4180055E1CE /* Constants.swift in Sources */ = {isa = PBXBuildFile; fileRef = 140D84332493A4180055E1CE /* Constants.swift */; };
		140D843A2493A6240055E1CE /* Helpers.swift in Sources */ = {isa = PBXBuildFile; fileRef = 140D84392493A6240055E1CE /* Helpers.swift */; };
		140D843D2493B7BF0055E1CE /* EventStore.swift in Sources */ = {isa = PBXBuildFile; fileRef = 140D843C2493B7BF0055E1CE /* EventStore.swift */; };
		140D843F2493B7CB0055E1CE /* DefaultsKeys.swift in Sources */ = {isa = PBXBuildFile; fileRef = 140D843E2493B7CB0055E1CE /* DefaultsKeys.swift */; };
		140D84412493B8030055E1CE /* KeyboardShortcutsNames.swift in Sources */ = {isa = PBXBuildFile; fileRef = 140D84402493B8030055E1CE /* KeyboardShortcutsNames.swift */; };
		14158D3B246C65AD0006436C /* README.md in Resources */ = {isa = PBXBuildFile; fileRef = 14158D3A246C65AD0006436C /* README.md */; };
		14158D41246C6D270006436C /* Defaults in Frameworks */ = {isa = PBXBuildFile; productRef = 14158D40246C6D270006436C /* Defaults */; };
		144C017D2462D0C3000C9FFC /* AppDelegate.swift in Sources */ = {isa = PBXBuildFile; fileRef = 144C017C2462D0C3000C9FFC /* AppDelegate.swift */; };
		144C01812462D0C5000C9FFC /* Assets.xcassets in Resources */ = {isa = PBXBuildFile; fileRef = 144C01802462D0C5000C9FFC /* Assets.xcassets */; };
		144C01842462D0C5000C9FFC /* Preview Assets.xcassets in Resources */ = {isa = PBXBuildFile; fileRef = 144C01832462D0C5000C9FFC /* Preview Assets.xcassets */; };
		144C01872462D0C5000C9FFC /* Main.storyboard in Resources */ = {isa = PBXBuildFile; fileRef = 144C01852462D0C5000C9FFC /* Main.storyboard */; };
		14E4110E246F2F9200F73ACF /* PreferencesView.swift in Sources */ = {isa = PBXBuildFile; fileRef = 14E4110D246F2F9200F73ACF /* PreferencesView.swift */; };
/* End PBXBuildFile section */

/* Begin PBXFileReference section */
		140D84312493A3FE0055E1CE /* StatusBarItemControler.swift */ = {isa = PBXFileReference; lastKnownFileType = sourcecode.swift; path = StatusBarItemControler.swift; sourceTree = "<group>"; };
		140D84332493A4180055E1CE /* Constants.swift */ = {isa = PBXFileReference; lastKnownFileType = sourcecode.swift; path = Constants.swift; sourceTree = "<group>"; };
		140D84392493A6240055E1CE /* Helpers.swift */ = {isa = PBXFileReference; lastKnownFileType = sourcecode.swift; path = Helpers.swift; sourceTree = "<group>"; };
		140D843C2493B7BF0055E1CE /* EventStore.swift */ = {isa = PBXFileReference; lastKnownFileType = sourcecode.swift; path = EventStore.swift; sourceTree = "<group>"; };
		140D843E2493B7CB0055E1CE /* DefaultsKeys.swift */ = {isa = PBXFileReference; lastKnownFileType = sourcecode.swift; path = DefaultsKeys.swift; sourceTree = "<group>"; };
		140D84402493B8030055E1CE /* KeyboardShortcutsNames.swift */ = {isa = PBXFileReference; lastKnownFileType = sourcecode.swift; path = KeyboardShortcutsNames.swift; sourceTree = "<group>"; };
		14158D3A246C65AD0006436C /* README.md */ = {isa = PBXFileReference; lastKnownFileType = net.daringfireball.markdown; path = README.md; sourceTree = "<group>"; };
		144C01792462D0C3000C9FFC /* MeetingBar.app */ = {isa = PBXFileReference; explicitFileType = wrapper.application; includeInIndex = 0; path = MeetingBar.app; sourceTree = BUILT_PRODUCTS_DIR; };
		144C017C2462D0C3000C9FFC /* AppDelegate.swift */ = {isa = PBXFileReference; lastKnownFileType = sourcecode.swift; path = AppDelegate.swift; sourceTree = "<group>"; };
		144C01802462D0C5000C9FFC /* Assets.xcassets */ = {isa = PBXFileReference; lastKnownFileType = folder.assetcatalog; path = Assets.xcassets; sourceTree = "<group>"; };
		144C01832462D0C5000C9FFC /* Preview Assets.xcassets */ = {isa = PBXFileReference; lastKnownFileType = folder.assetcatalog; path = "Preview Assets.xcassets"; sourceTree = "<group>"; };
		144C01862462D0C5000C9FFC /* Base */ = {isa = PBXFileReference; lastKnownFileType = file.storyboard; name = Base; path = Base.lproj/Main.storyboard; sourceTree = "<group>"; };
		144C01882462D0C5000C9FFC /* Info.plist */ = {isa = PBXFileReference; lastKnownFileType = text.plist.xml; path = Info.plist; sourceTree = "<group>"; };
		144C01892462D0C5000C9FFC /* MeetingBar.entitlements */ = {isa = PBXFileReference; lastKnownFileType = text.plist.entitlements; path = MeetingBar.entitlements; sourceTree = "<group>"; };
		14E4110D246F2F9200F73ACF /* PreferencesView.swift */ = {isa = PBXFileReference; fileEncoding = 4; lastKnownFileType = sourcecode.swift; path = PreferencesView.swift; sourceTree = "<group>"; };
/* End PBXFileReference section */

/* Begin PBXFrameworksBuildPhase section */
		144C01762462D0C3000C9FFC /* Frameworks */ = {
			isa = PBXFrameworksBuildPhase;
			buildActionMask = 2147483647;
			files = (
				14158D41246C6D270006436C /* Defaults in Frameworks */,
				140D842E248AB2960055E1CE /* KeyboardShortcuts in Frameworks */,
			);
			runOnlyForDeploymentPostprocessing = 0;
		};
/* End PBXFrameworksBuildPhase section */

/* Begin PBXGroup section */
		140D843B2493B7A50055E1CE /* Extensions */ = {
			isa = PBXGroup;
			children = (
				140D843C2493B7BF0055E1CE /* EventStore.swift */,
				140D843E2493B7CB0055E1CE /* DefaultsKeys.swift */,
				140D84402493B8030055E1CE /* KeyboardShortcutsNames.swift */,
			);
			name = Extensions;
			sourceTree = "<group>";
		};
		144C01702462D0C3000C9FFC = {
			isa = PBXGroup;
			children = (
				14158D3A246C65AD0006436C /* README.md */,
				144C017B2462D0C3000C9FFC /* MeetingBar */,
				144C017A2462D0C3000C9FFC /* Products */,
			);
			sourceTree = "<group>";
		};
		144C017A2462D0C3000C9FFC /* Products */ = {
			isa = PBXGroup;
			children = (
				144C01792462D0C3000C9FFC /* MeetingBar.app */,
			);
			name = Products;
			sourceTree = "<group>";
		};
		144C017B2462D0C3000C9FFC /* MeetingBar */ = {
			isa = PBXGroup;
			children = (
				14E4110D246F2F9200F73ACF /* PreferencesView.swift */,
				144C017C2462D0C3000C9FFC /* AppDelegate.swift */,
				144C01802462D0C5000C9FFC /* Assets.xcassets */,
				140D843B2493B7A50055E1CE /* Extensions */,
				140D84312493A3FE0055E1CE /* StatusBarItemControler.swift */,
				144C01852462D0C5000C9FFC /* Main.storyboard */,
				144C01882462D0C5000C9FFC /* Info.plist */,
				140D84332493A4180055E1CE /* Constants.swift */,
				144C01892462D0C5000C9FFC /* MeetingBar.entitlements */,
				140D84392493A6240055E1CE /* Helpers.swift */,
				144C01822462D0C5000C9FFC /* Preview Content */,
			);
			path = MeetingBar;
			sourceTree = "<group>";
		};
		144C01822462D0C5000C9FFC /* Preview Content */ = {
			isa = PBXGroup;
			children = (
				144C01832462D0C5000C9FFC /* Preview Assets.xcassets */,
			);
			path = "Preview Content";
			sourceTree = "<group>";
		};
/* End PBXGroup section */

/* Begin PBXNativeTarget section */
		144C01782462D0C3000C9FFC /* MeetingBar */ = {
			isa = PBXNativeTarget;
			buildConfigurationList = 144C018C2462D0C5000C9FFC /* Build configuration list for PBXNativeTarget "MeetingBar" */;
			buildPhases = (
				144C01752462D0C3000C9FFC /* Sources */,
				144C01762462D0C3000C9FFC /* Frameworks */,
				144C01772462D0C3000C9FFC /* Resources */,
			);
			buildRules = (
			);
			dependencies = (
			);
			name = MeetingBar;
			packageProductDependencies = (
				14158D40246C6D270006436C /* Defaults */,
				140D842D248AB2960055E1CE /* KeyboardShortcuts */,
			);
			productName = MeetingBar;
			productReference = 144C01792462D0C3000C9FFC /* MeetingBar.app */;
			productType = "com.apple.product-type.application";
		};
/* End PBXNativeTarget section */

/* Begin PBXProject section */
		144C01712462D0C3000C9FFC /* Project object */ = {
			isa = PBXProject;
			attributes = {
				LastSwiftUpdateCheck = 1140;
				LastUpgradeCheck = 1140;
				ORGANIZATIONNAME = "Andrii Leitsius";
				TargetAttributes = {
					144C01782462D0C3000C9FFC = {
						CreatedOnToolsVersion = 11.4.1;
					};
				};
			};
			buildConfigurationList = 144C01742462D0C3000C9FFC /* Build configuration list for PBXProject "MeetingBar" */;
			compatibilityVersion = "Xcode 9.3";
			developmentRegion = en;
			hasScannedForEncodings = 0;
			knownRegions = (
				en,
				Base,
			);
			mainGroup = 144C01702462D0C3000C9FFC;
			packageReferences = (
				14158D3F246C6D270006436C /* XCRemoteSwiftPackageReference "Defaults" */,
				140D842C248AB2960055E1CE /* XCRemoteSwiftPackageReference "KeyboardShortcuts" */,
			);
			productRefGroup = 144C017A2462D0C3000C9FFC /* Products */;
			projectDirPath = "";
			projectRoot = "";
			targets = (
				144C01782462D0C3000C9FFC /* MeetingBar */,
			);
		};
/* End PBXProject section */

/* Begin PBXResourcesBuildPhase section */
		144C01772462D0C3000C9FFC /* Resources */ = {
			isa = PBXResourcesBuildPhase;
			buildActionMask = 2147483647;
			files = (
				144C01872462D0C5000C9FFC /* Main.storyboard in Resources */,
				144C01842462D0C5000C9FFC /* Preview Assets.xcassets in Resources */,
				14158D3B246C65AD0006436C /* README.md in Resources */,
				144C01812462D0C5000C9FFC /* Assets.xcassets in Resources */,
			);
			runOnlyForDeploymentPostprocessing = 0;
		};
/* End PBXResourcesBuildPhase section */

/* Begin PBXSourcesBuildPhase section */
		144C01752462D0C3000C9FFC /* Sources */ = {
			isa = PBXSourcesBuildPhase;
			buildActionMask = 2147483647;
			files = (
				140D843F2493B7CB0055E1CE /* DefaultsKeys.swift in Sources */,
				140D843A2493A6240055E1CE /* Helpers.swift in Sources */,
				144C017D2462D0C3000C9FFC /* AppDelegate.swift in Sources */,
				140D84412493B8030055E1CE /* KeyboardShortcutsNames.swift in Sources */,
				140D843D2493B7BF0055E1CE /* EventStore.swift in Sources */,
				14E4110E246F2F9200F73ACF /* PreferencesView.swift in Sources */,
				140D84322493A3FE0055E1CE /* StatusBarItemControler.swift in Sources */,
				140D84342493A4180055E1CE /* Constants.swift in Sources */,
			);
			runOnlyForDeploymentPostprocessing = 0;
		};
/* End PBXSourcesBuildPhase section */

/* Begin PBXVariantGroup section */
		144C01852462D0C5000C9FFC /* Main.storyboard */ = {
			isa = PBXVariantGroup;
			children = (
				144C01862462D0C5000C9FFC /* Base */,
			);
			name = Main.storyboard;
			sourceTree = "<group>";
		};
/* End PBXVariantGroup section */

/* Begin XCBuildConfiguration section */
		144C018A2462D0C5000C9FFC /* Debug */ = {
			isa = XCBuildConfiguration;
			buildSettings = {
				ALWAYS_SEARCH_USER_PATHS = NO;
				CLANG_ANALYZER_NONNULL = YES;
				CLANG_ANALYZER_NUMBER_OBJECT_CONVERSION = YES_AGGRESSIVE;
				CLANG_CXX_LANGUAGE_STANDARD = "gnu++14";
				CLANG_CXX_LIBRARY = "libc++";
				CLANG_ENABLE_MODULES = YES;
				CLANG_ENABLE_OBJC_ARC = YES;
				CLANG_ENABLE_OBJC_WEAK = YES;
				CLANG_WARN_BLOCK_CAPTURE_AUTORELEASING = YES;
				CLANG_WARN_BOOL_CONVERSION = YES;
				CLANG_WARN_COMMA = YES;
				CLANG_WARN_CONSTANT_CONVERSION = YES;
				CLANG_WARN_DEPRECATED_OBJC_IMPLEMENTATIONS = YES;
				CLANG_WARN_DIRECT_OBJC_ISA_USAGE = YES_ERROR;
				CLANG_WARN_DOCUMENTATION_COMMENTS = YES;
				CLANG_WARN_EMPTY_BODY = YES;
				CLANG_WARN_ENUM_CONVERSION = YES;
				CLANG_WARN_INFINITE_RECURSION = YES;
				CLANG_WARN_INT_CONVERSION = YES;
				CLANG_WARN_NON_LITERAL_NULL_CONVERSION = YES;
				CLANG_WARN_OBJC_IMPLICIT_RETAIN_SELF = YES;
				CLANG_WARN_OBJC_LITERAL_CONVERSION = YES;
				CLANG_WARN_OBJC_ROOT_CLASS = YES_ERROR;
				CLANG_WARN_RANGE_LOOP_ANALYSIS = YES;
				CLANG_WARN_STRICT_PROTOTYPES = YES;
				CLANG_WARN_SUSPICIOUS_MOVE = YES;
				CLANG_WARN_UNGUARDED_AVAILABILITY = YES_AGGRESSIVE;
				CLANG_WARN_UNREACHABLE_CODE = YES;
				CLANG_WARN__DUPLICATE_METHOD_MATCH = YES;
				COPY_PHASE_STRIP = NO;
				DEBUG_INFORMATION_FORMAT = dwarf;
				DEVELOPMENT_ASSET_PATHS = "";
				EMBED_ASSET_PACKS_IN_PRODUCT_BUNDLE = NO;
				ENABLE_STRICT_OBJC_MSGSEND = YES;
				ENABLE_TESTABILITY = YES;
				GCC_C_LANGUAGE_STANDARD = gnu11;
				GCC_DYNAMIC_NO_PIC = NO;
				GCC_NO_COMMON_BLOCKS = YES;
				GCC_OPTIMIZATION_LEVEL = 0;
				GCC_PREPROCESSOR_DEFINITIONS = (
					"DEBUG=1",
					"$(inherited)",
				);
				GCC_WARN_64_TO_32_BIT_CONVERSION = YES;
				GCC_WARN_ABOUT_RETURN_TYPE = YES_ERROR;
				GCC_WARN_UNDECLARED_SELECTOR = YES;
				GCC_WARN_UNINITIALIZED_AUTOS = YES_AGGRESSIVE;
				GCC_WARN_UNUSED_FUNCTION = YES;
				GCC_WARN_UNUSED_VARIABLE = YES;
				MACOSX_DEPLOYMENT_TARGET = 10.15;
				MTL_ENABLE_DEBUG_INFO = INCLUDE_SOURCE;
				MTL_FAST_MATH = YES;
				ONLY_ACTIVE_ARCH = YES;
				SDKROOT = macosx;
				SWIFT_ACTIVE_COMPILATION_CONDITIONS = DEBUG;
				SWIFT_OPTIMIZATION_LEVEL = "-Onone";
			};
			name = Debug;
		};
		144C018B2462D0C5000C9FFC /* Release */ = {
			isa = XCBuildConfiguration;
			buildSettings = {
				ALWAYS_SEARCH_USER_PATHS = NO;
				CLANG_ANALYZER_NONNULL = YES;
				CLANG_ANALYZER_NUMBER_OBJECT_CONVERSION = YES_AGGRESSIVE;
				CLANG_CXX_LANGUAGE_STANDARD = "gnu++14";
				CLANG_CXX_LIBRARY = "libc++";
				CLANG_ENABLE_MODULES = YES;
				CLANG_ENABLE_OBJC_ARC = YES;
				CLANG_ENABLE_OBJC_WEAK = YES;
				CLANG_WARN_BLOCK_CAPTURE_AUTORELEASING = YES;
				CLANG_WARN_BOOL_CONVERSION = YES;
				CLANG_WARN_COMMA = YES;
				CLANG_WARN_CONSTANT_CONVERSION = YES;
				CLANG_WARN_DEPRECATED_OBJC_IMPLEMENTATIONS = YES;
				CLANG_WARN_DIRECT_OBJC_ISA_USAGE = YES_ERROR;
				CLANG_WARN_DOCUMENTATION_COMMENTS = YES;
				CLANG_WARN_EMPTY_BODY = YES;
				CLANG_WARN_ENUM_CONVERSION = YES;
				CLANG_WARN_INFINITE_RECURSION = YES;
				CLANG_WARN_INT_CONVERSION = YES;
				CLANG_WARN_NON_LITERAL_NULL_CONVERSION = YES;
				CLANG_WARN_OBJC_IMPLICIT_RETAIN_SELF = YES;
				CLANG_WARN_OBJC_LITERAL_CONVERSION = YES;
				CLANG_WARN_OBJC_ROOT_CLASS = YES_ERROR;
				CLANG_WARN_RANGE_LOOP_ANALYSIS = YES;
				CLANG_WARN_STRICT_PROTOTYPES = YES;
				CLANG_WARN_SUSPICIOUS_MOVE = YES;
				CLANG_WARN_UNGUARDED_AVAILABILITY = YES_AGGRESSIVE;
				CLANG_WARN_UNREACHABLE_CODE = YES;
				CLANG_WARN__DUPLICATE_METHOD_MATCH = YES;
				COPY_PHASE_STRIP = NO;
				DEBUG_INFORMATION_FORMAT = "dwarf-with-dsym";
				DEVELOPMENT_ASSET_PATHS = "";
				EMBED_ASSET_PACKS_IN_PRODUCT_BUNDLE = NO;
				ENABLE_NS_ASSERTIONS = NO;
				ENABLE_STRICT_OBJC_MSGSEND = YES;
				GCC_C_LANGUAGE_STANDARD = gnu11;
				GCC_NO_COMMON_BLOCKS = YES;
				GCC_WARN_64_TO_32_BIT_CONVERSION = YES;
				GCC_WARN_ABOUT_RETURN_TYPE = YES_ERROR;
				GCC_WARN_UNDECLARED_SELECTOR = YES;
				GCC_WARN_UNINITIALIZED_AUTOS = YES_AGGRESSIVE;
				GCC_WARN_UNUSED_FUNCTION = YES;
				GCC_WARN_UNUSED_VARIABLE = YES;
				MACOSX_DEPLOYMENT_TARGET = 10.15;
				MTL_ENABLE_DEBUG_INFO = NO;
				MTL_FAST_MATH = YES;
				ONLY_ACTIVE_ARCH = YES;
				SDKROOT = macosx;
				SWIFT_COMPILATION_MODE = wholemodule;
				SWIFT_OPTIMIZATION_LEVEL = "-O";
			};
			name = Release;
		};
		144C018D2462D0C5000C9FFC /* Debug */ = {
			isa = XCBuildConfiguration;
			buildSettings = {
				ASSETCATALOG_COMPILER_APPICON_NAME = AppIcon;
				CODE_SIGN_ENTITLEMENTS = MeetingBar/MeetingBar.entitlements;
				CODE_SIGN_IDENTITY = "Apple Development";
				CODE_SIGN_STYLE = Automatic;
				COMBINE_HIDPI_IMAGES = YES;
				CURRENT_PROJECT_VERSION = 2;
				DEVELOPMENT_ASSET_PATHS = "\"MeetingBar/Preview Content\"";
				DEVELOPMENT_TEAM = KGH289N6T8;
				ENABLE_HARDENED_RUNTIME = YES;
				ENABLE_PREVIEWS = YES;
				INFOPLIST_FILE = MeetingBar/Info.plist;
				LD_RUNPATH_SEARCH_PATHS = (
					"$(inherited)",
					"@executable_path/../Frameworks",
				);
				MACOSX_DEPLOYMENT_TARGET = 10.15;
				MARKETING_VERSION = 1.1;
				PRODUCT_BUNDLE_IDENTIFIER = leits.MeetingBar;
				PRODUCT_NAME = "$(TARGET_NAME)";
				PROVISIONING_PROFILE_SPECIFIER = "";
				SWIFT_VERSION = 5.0;
			};
			name = Debug;
		};
		144C018E2462D0C5000C9FFC /* Release */ = {
			isa = XCBuildConfiguration;
			buildSettings = {
				ASSETCATALOG_COMPILER_APPICON_NAME = AppIcon;
				CODE_SIGN_ENTITLEMENTS = MeetingBar/MeetingBar.entitlements;
				CODE_SIGN_IDENTITY = "Apple Development";
				CODE_SIGN_STYLE = Automatic;
				COMBINE_HIDPI_IMAGES = YES;
				CURRENT_PROJECT_VERSION = 2;
				DEVELOPMENT_ASSET_PATHS = "\"MeetingBar/Preview Content\"";
				DEVELOPMENT_TEAM = KGH289N6T8;
				ENABLE_HARDENED_RUNTIME = YES;
				ENABLE_PREVIEWS = YES;
				INFOPLIST_FILE = MeetingBar/Info.plist;
				LD_RUNPATH_SEARCH_PATHS = (
					"$(inherited)",
					"@executable_path/../Frameworks",
				);
				MACOSX_DEPLOYMENT_TARGET = 10.15;
				MARKETING_VERSION = 1.1;
				PRODUCT_BUNDLE_IDENTIFIER = leits.MeetingBar;
				PRODUCT_NAME = "$(TARGET_NAME)";
				PROVISIONING_PROFILE_SPECIFIER = "";
				SWIFT_VERSION = 5.0;
			};
			name = Release;
		};
/* End XCBuildConfiguration section */

/* Begin XCConfigurationList section */
		144C01742462D0C3000C9FFC /* Build configuration list for PBXProject "MeetingBar" */ = {
			isa = XCConfigurationList;
			buildConfigurations = (
				144C018A2462D0C5000C9FFC /* Debug */,
				144C018B2462D0C5000C9FFC /* Release */,
			);
			defaultConfigurationIsVisible = 0;
			defaultConfigurationName = Release;
		};
		144C018C2462D0C5000C9FFC /* Build configuration list for PBXNativeTarget "MeetingBar" */ = {
			isa = XCConfigurationList;
			buildConfigurations = (
				144C018D2462D0C5000C9FFC /* Debug */,
				144C018E2462D0C5000C9FFC /* Release */,
			);
			defaultConfigurationIsVisible = 0;
			defaultConfigurationName = Release;
		};
/* End XCConfigurationList section */

/* Begin XCRemoteSwiftPackageReference section */
		140D842C248AB2960055E1CE /* XCRemoteSwiftPackageReference "KeyboardShortcuts" */ = {
			isa = XCRemoteSwiftPackageReference;
			repositoryURL = "https://github.com/sindresorhus/KeyboardShortcuts";
			requirement = {
				kind = upToNextMajorVersion;
				minimumVersion = 0.2.2;
			};
		};
		14158D3F246C6D270006436C /* XCRemoteSwiftPackageReference "Defaults" */ = {
			isa = XCRemoteSwiftPackageReference;
			repositoryURL = "https://github.com/sindresorhus/Defaults";
			requirement = {
				kind = upToNextMajorVersion;
				minimumVersion = 4.0.0;
			};
		};
/* End XCRemoteSwiftPackageReference section */

/* Begin XCSwiftPackageProductDependency section */
		140D842D248AB2960055E1CE /* KeyboardShortcuts */ = {
			isa = XCSwiftPackageProductDependency;
			package = 140D842C248AB2960055E1CE /* XCRemoteSwiftPackageReference "KeyboardShortcuts" */;
			productName = KeyboardShortcuts;
		};
		14158D40246C6D270006436C /* Defaults */ = {
			isa = XCSwiftPackageProductDependency;
			package = 14158D3F246C6D270006436C /* XCRemoteSwiftPackageReference "Defaults" */;
			productName = Defaults;
		};
/* End XCSwiftPackageProductDependency section */
	};
	rootObject = 144C01712462D0C3000C9FFC /* Project object */;
}
